// !$*UTF8*$!
{
	archiveVersion = 1;
	classes = {
	};
	objectVersion = 52;
	objects = {

/* Begin PBXBuildFile section */
		504CE042253FDFAA000CC6CF /* AppDelegate.swift in Sources */ = {isa = PBXBuildFile; fileRef = 504CE041253FDFAA000CC6CF /* AppDelegate.swift */; };
		504CE044253FDFAA000CC6CF /* SceneDelegate.swift in Sources */ = {isa = PBXBuildFile; fileRef = 504CE043253FDFAA000CC6CF /* SceneDelegate.swift */; };
		504CE046253FDFAA000CC6CF /* PreviousMainViewController.swift in Sources */ = {isa = PBXBuildFile; fileRef = 504CE045253FDFAA000CC6CF /* PreviousMainViewController.swift */; };
		504CE049253FDFAA000CC6CF /* Main.storyboard in Resources */ = {isa = PBXBuildFile; fileRef = 504CE047253FDFAA000CC6CF /* Main.storyboard */; };
		504CE04B253FDFAE000CC6CF /* Assets.xcassets in Resources */ = {isa = PBXBuildFile; fileRef = 504CE04A253FDFAE000CC6CF /* Assets.xcassets */; };
		504CE04E253FDFAE000CC6CF /* LaunchScreen.storyboard in Resources */ = {isa = PBXBuildFile; fileRef = 504CE04C253FDFAE000CC6CF /* LaunchScreen.storyboard */; };
		504CE0B4253FDFDF000CC6CF /* PreviousVersionModel.swift in Sources */ = {isa = PBXBuildFile; fileRef = 504CE0B3253FDFDF000CC6CF /* PreviousVersionModel.swift */; };
		504CE0B9253FDFE9000CC6CF /* ViewModel.swift in Sources */ = {isa = PBXBuildFile; fileRef = 504CE0B8253FDFE9000CC6CF /* ViewModel.swift */; };
		504CE0C1254143CC000CC6CF /* AllPie.swift in Sources */ = {isa = PBXBuildFile; fileRef = 504CE0C0254143CC000CC6CF /* AllPie.swift */; };
		5054D6C3255A8ABE005E8850 /* Pie.swift in Sources */ = {isa = PBXBuildFile; fileRef = 5054D6C2255A8ABE005E8850 /* Pie.swift */; };
		50A450502564CA8300812F14 /* Localizable.strings in Resources */ = {isa = PBXBuildFile; fileRef = 50A450522564CA8300812F14 /* Localizable.strings */; };
		50A4505A2564CFD500812F14 /* Localize.swift in Sources */ = {isa = PBXBuildFile; fileRef = 50A450592564CFD500812F14 /* Localize.swift */; };
		7F133C47290365460099E55C /* CalendarViewController.swift in Sources */ = {isa = PBXBuildFile; fileRef = 7F133C46290365460099E55C /* CalendarViewController.swift */; };
		7F133C5729063BF00099E55C /* UIColor+theme.swift in Sources */ = {isa = PBXBuildFile; fileRef = 7F133C5629063BF00099E55C /* UIColor+theme.swift */; };
		7F133C632907C66A0099E55C /* FlowCoordinator.swift in Sources */ = {isa = PBXBuildFile; fileRef = 7F133C622907C66A0099E55C /* FlowCoordinator.swift */; };
		7F133C652907CC5A0099E55C /* SceneDIContainer.swift in Sources */ = {isa = PBXBuildFile; fileRef = 7F133C642907CC5A0099E55C /* SceneDIContainer.swift */; };
		7F133CA3290902EC0099E55C /* StoryboardInstantiable.swift in Sources */ = {isa = PBXBuildFile; fileRef = 7F133CA2290902EC0099E55C /* StoryboardInstantiable.swift */; };
		7F397A6828D71E74000F89E2 /* CreateDidViewController.swift in Sources */ = {isa = PBXBuildFile; fileRef = 7F397A6728D71E74000F89E2 /* CreateDidViewController.swift */; };
		7F397A7228D83021000F89E2 /* CreateDidViewModel.swift in Sources */ = {isa = PBXBuildFile; fileRef = 7F397A7128D83021000F89E2 /* CreateDidViewModel.swift */; };
		7F397A7428D86EF1000F89E2 /* Date+ToDouble.swift in Sources */ = {isa = PBXBuildFile; fileRef = 7F397A7328D86EF1000F89E2 /* Date+ToDouble.swift */; };
		7F5A91C828E68CCF006B8406 /* Date+ToString.swift in Sources */ = {isa = PBXBuildFile; fileRef = 7F5A91C728E68CCF006B8406 /* Date+ToString.swift */; };
		7F80EBC728D3245500781DB4 /* MainViewModel.swift in Sources */ = {isa = PBXBuildFile; fileRef = 7F80EBC628D3245500781DB4 /* MainViewModel.swift */; };
		7F80EBC928D334A000781DB4 /* MainViewModelTests.swift in Sources */ = {isa = PBXBuildFile; fileRef = 7F80EBC828D334A000781DB4 /* MainViewModelTests.swift */; };
		7F80EBCB28D4102500781DB4 /* MainDidItemsViewModel.swift in Sources */ = {isa = PBXBuildFile; fileRef = 7F80EBCA28D4102500781DB4 /* MainDidItemsViewModel.swift */; };
		7FA60AE928D6FB7A0098F3D2 /* MainViewControllerTests.swift in Sources */ = {isa = PBXBuildFile; fileRef = 7FA60AE828D6FB7A0098F3D2 /* MainViewControllerTests.swift */; };
		7FB6A8CB28DAF529009C61C5 /* CreateDidViewModelTests.swift in Sources */ = {isa = PBXBuildFile; fileRef = 7FB6A8CA28DAF529009C61C5 /* CreateDidViewModelTests.swift */; };
		7FB6A8CF28DB00E3009C61C5 /* CreateDidViewControllerTests.swift in Sources */ = {isa = PBXBuildFile; fileRef = 7FB6A8CE28DB00E3009C61C5 /* CreateDidViewControllerTests.swift */; };
		7FB6A8D328DD5C04009C61C5 /* ManagedDidItem+CoreDataClass.swift in Sources */ = {isa = PBXBuildFile; fileRef = 7FB6A8D128DD5C04009C61C5 /* ManagedDidItem+CoreDataClass.swift */; };
		7FB6A8D428DD5C04009C61C5 /* ManagedDidItem+CoreDataProperties.swift in Sources */ = {isa = PBXBuildFile; fileRef = 7FB6A8D228DD5C04009C61C5 /* ManagedDidItem+CoreDataProperties.swift */; };
		7FB6A8D628DD89E5009C61C5 /* Date+DifferenceToString.swift in Sources */ = {isa = PBXBuildFile; fileRef = 7FB6A8D528DD89E5009C61C5 /* Date+DifferenceToString.swift */; };
		7FB6A8D828DD9B13009C61C5 /* TotalDidsCell.swift in Sources */ = {isa = PBXBuildFile; fileRef = 7FB6A8D728DD9B13009C61C5 /* TotalDidsCell.swift */; };
		7FB6A8DA28DDC2C4009C61C5 /* Date+GetHoursAndMinutes.swift in Sources */ = {isa = PBXBuildFile; fileRef = 7FB6A8D928DDC2C4009C61C5 /* Date+GetHoursAndMinutes.swift */; };
		7FB6A91E28E07557009C61C5 /* HorizonCalendar in Frameworks */ = {isa = PBXBuildFile; productRef = 7FB6A91D28E07557009C61C5 /* HorizonCalendar */; };
		7FB6A92328E07BE4009C61C5 /* DayLabel.swift in Sources */ = {isa = PBXBuildFile; fileRef = 7FB6A92228E07BE4009C61C5 /* DayLabel.swift */; };
		7FB6A92528E07BED009C61C5 /* MonthLabel.swift in Sources */ = {isa = PBXBuildFile; fileRef = 7FB6A92428E07BED009C61C5 /* MonthLabel.swift */; };
		7FC22B6328C88AA500F83122 /* DataModel.xcdatamodeld in Sources */ = {isa = PBXBuildFile; fileRef = 7FC22B6128C88AA500F83122 /* DataModel.xcdatamodeld */; };
		7FC22B6928C9C0E500F83122 /* Did.swift in Sources */ = {isa = PBXBuildFile; fileRef = 7FC22B6828C9C0E500F83122 /* Did.swift */; };
		7FC22B6C28C9C9E900F83122 /* DidCoreDataStorage.swift in Sources */ = {isa = PBXBuildFile; fileRef = 7FC22B6B28C9C9E900F83122 /* DidCoreDataStorage.swift */; };
		7FC22B7D28CB145D00F83122 /* DidCoreDataStorageTests.swift in Sources */ = {isa = PBXBuildFile; fileRef = 7FC22B6E28CB137E00F83122 /* DidCoreDataStorageTests.swift */; };
		7FC22B7F28CB232600F83122 /* Seeds.swift in Sources */ = {isa = PBXBuildFile; fileRef = 7FC22B7E28CB232600F83122 /* Seeds.swift */; };
		7FC22BB828CDE19300F83122 /* MainViewController.swift in Sources */ = {isa = PBXBuildFile; fileRef = 7FC22BB728CDE19300F83122 /* MainViewController.swift */; };
		7FC22BBA28D0547500F83122 /* DidCell.swift in Sources */ = {isa = PBXBuildFile; fileRef = 7FC22BB928D0547500F83122 /* DidCell.swift */; };
		7FC580A328D1A201008086FD /* PieView.swift in Sources */ = {isa = PBXBuildFile; fileRef = 7FC580A228D1A201008086FD /* PieView.swift */; };
		7FD2B04C2909161A0048408F /* StoryboardName.swift in Sources */ = {isa = PBXBuildFile; fileRef = 7FD2B04B2909161A0048408F /* StoryboardName.swift */; };
/* End PBXBuildFile section */

/* Begin PBXContainerItemProxy section */
		7FC22B7828CB145300F83122 /* PBXContainerItemProxy */ = {
			isa = PBXContainerItemProxy;
			containerPortal = 504CE036253FDFA9000CC6CF /* Project object */;
			proxyType = 1;
			remoteGlobalIDString = 504CE03D253FDFAA000CC6CF;
			remoteInfo = DidTodayUIKit;
		};
/* End PBXContainerItemProxy section */

/* Begin PBXFileReference section */
		49F50979A383AA3F51E8E15F /* Pods_DidTodayUIKitTests.framework */ = {isa = PBXFileReference; explicitFileType = wrapper.framework; includeInIndex = 0; path = Pods_DidTodayUIKitTests.framework; sourceTree = BUILT_PRODUCTS_DIR; };
		504CE03E253FDFAA000CC6CF /* DidTodayUIKit.app */ = {isa = PBXFileReference; explicitFileType = wrapper.application; includeInIndex = 0; path = DidTodayUIKit.app; sourceTree = BUILT_PRODUCTS_DIR; };
		504CE041253FDFAA000CC6CF /* AppDelegate.swift */ = {isa = PBXFileReference; lastKnownFileType = sourcecode.swift; path = AppDelegate.swift; sourceTree = "<group>"; };
		504CE043253FDFAA000CC6CF /* SceneDelegate.swift */ = {isa = PBXFileReference; lastKnownFileType = sourcecode.swift; path = SceneDelegate.swift; sourceTree = "<group>"; };
		504CE045253FDFAA000CC6CF /* PreviousMainViewController.swift */ = {isa = PBXFileReference; lastKnownFileType = sourcecode.swift; path = PreviousMainViewController.swift; sourceTree = "<group>"; };
		504CE048253FDFAA000CC6CF /* Base */ = {isa = PBXFileReference; lastKnownFileType = file.storyboard; name = Base; path = Base.lproj/Main.storyboard; sourceTree = "<group>"; };
		504CE04A253FDFAE000CC6CF /* Assets.xcassets */ = {isa = PBXFileReference; lastKnownFileType = folder.assetcatalog; path = Assets.xcassets; sourceTree = "<group>"; };
		504CE04D253FDFAE000CC6CF /* Base */ = {isa = PBXFileReference; lastKnownFileType = file.storyboard; name = Base; path = Base.lproj/LaunchScreen.storyboard; sourceTree = "<group>"; };
		504CE04F253FDFAE000CC6CF /* Info.plist */ = {isa = PBXFileReference; lastKnownFileType = text.plist.xml; path = Info.plist; sourceTree = "<group>"; };
		504CE0B3253FDFDF000CC6CF /* PreviousVersionModel.swift */ = {isa = PBXFileReference; lastKnownFileType = sourcecode.swift; path = PreviousVersionModel.swift; sourceTree = "<group>"; };
		504CE0B8253FDFE9000CC6CF /* ViewModel.swift */ = {isa = PBXFileReference; lastKnownFileType = sourcecode.swift; path = ViewModel.swift; sourceTree = "<group>"; };
		504CE0C0254143CC000CC6CF /* AllPie.swift */ = {isa = PBXFileReference; lastKnownFileType = sourcecode.swift; path = AllPie.swift; sourceTree = "<group>"; };
		5054D6C2255A8ABE005E8850 /* Pie.swift */ = {isa = PBXFileReference; lastKnownFileType = sourcecode.swift; path = Pie.swift; sourceTree = "<group>"; };
		50A450512564CA8300812F14 /* en */ = {isa = PBXFileReference; lastKnownFileType = text.plist.strings; name = en; path = en.lproj/Localizable.strings; sourceTree = "<group>"; };
		50A450542564CAFB00812F14 /* ko */ = {isa = PBXFileReference; lastKnownFileType = text.plist.strings; name = ko; path = ko.lproj/LaunchScreen.strings; sourceTree = "<group>"; };
		50A450552564CAFD00812F14 /* ko */ = {isa = PBXFileReference; lastKnownFileType = text.plist.strings; name = ko; path = ko.lproj/Localizable.strings; sourceTree = "<group>"; };
		50A450592564CFD500812F14 /* Localize.swift */ = {isa = PBXFileReference; lastKnownFileType = sourcecode.swift; path = Localize.swift; sourceTree = "<group>"; };
		50C6A1A525B28E40001B435C /* ko */ = {isa = PBXFileReference; lastKnownFileType = text.plist.strings; name = ko; path = ko.lproj/Main.strings; sourceTree = "<group>"; };
		7F133C46290365460099E55C /* CalendarViewController.swift */ = {isa = PBXFileReference; lastKnownFileType = sourcecode.swift; path = CalendarViewController.swift; sourceTree = "<group>"; };
		7F133C5629063BF00099E55C /* UIColor+theme.swift */ = {isa = PBXFileReference; lastKnownFileType = sourcecode.swift; path = "UIColor+theme.swift"; sourceTree = "<group>"; };
		7F133C622907C66A0099E55C /* FlowCoordinator.swift */ = {isa = PBXFileReference; lastKnownFileType = sourcecode.swift; path = FlowCoordinator.swift; sourceTree = "<group>"; };
		7F133C642907CC5A0099E55C /* SceneDIContainer.swift */ = {isa = PBXFileReference; lastKnownFileType = sourcecode.swift; path = SceneDIContainer.swift; sourceTree = "<group>"; };
		7F133CA2290902EC0099E55C /* StoryboardInstantiable.swift */ = {isa = PBXFileReference; lastKnownFileType = sourcecode.swift; path = StoryboardInstantiable.swift; sourceTree = "<group>"; };
		7F397A6728D71E74000F89E2 /* CreateDidViewController.swift */ = {isa = PBXFileReference; lastKnownFileType = sourcecode.swift; path = CreateDidViewController.swift; sourceTree = "<group>"; };
		7F397A7128D83021000F89E2 /* CreateDidViewModel.swift */ = {isa = PBXFileReference; lastKnownFileType = sourcecode.swift; path = CreateDidViewModel.swift; sourceTree = "<group>"; };
		7F397A7328D86EF1000F89E2 /* Date+ToDouble.swift */ = {isa = PBXFileReference; lastKnownFileType = sourcecode.swift; path = "Date+ToDouble.swift"; sourceTree = "<group>"; };
		7F5A91C728E68CCF006B8406 /* Date+ToString.swift */ = {isa = PBXFileReference; lastKnownFileType = sourcecode.swift; path = "Date+ToString.swift"; sourceTree = "<group>"; };
		7F80EBC628D3245500781DB4 /* MainViewModel.swift */ = {isa = PBXFileReference; lastKnownFileType = sourcecode.swift; path = MainViewModel.swift; sourceTree = "<group>"; };
		7F80EBC828D334A000781DB4 /* MainViewModelTests.swift */ = {isa = PBXFileReference; lastKnownFileType = sourcecode.swift; path = MainViewModelTests.swift; sourceTree = "<group>"; };
		7F80EBCA28D4102500781DB4 /* MainDidItemsViewModel.swift */ = {isa = PBXFileReference; lastKnownFileType = sourcecode.swift; path = MainDidItemsViewModel.swift; sourceTree = "<group>"; };
		7FA60AE828D6FB7A0098F3D2 /* MainViewControllerTests.swift */ = {isa = PBXFileReference; lastKnownFileType = sourcecode.swift; path = MainViewControllerTests.swift; sourceTree = "<group>"; };
		7FB6A8CA28DAF529009C61C5 /* CreateDidViewModelTests.swift */ = {isa = PBXFileReference; lastKnownFileType = sourcecode.swift; path = CreateDidViewModelTests.swift; sourceTree = "<group>"; };
		7FB6A8CE28DB00E3009C61C5 /* CreateDidViewControllerTests.swift */ = {isa = PBXFileReference; lastKnownFileType = sourcecode.swift; path = CreateDidViewControllerTests.swift; sourceTree = "<group>"; };
		7FB6A8D128DD5C04009C61C5 /* ManagedDidItem+CoreDataClass.swift */ = {isa = PBXFileReference; lastKnownFileType = sourcecode.swift; path = "ManagedDidItem+CoreDataClass.swift"; sourceTree = "<group>"; };
		7FB6A8D228DD5C04009C61C5 /* ManagedDidItem+CoreDataProperties.swift */ = {isa = PBXFileReference; lastKnownFileType = sourcecode.swift; path = "ManagedDidItem+CoreDataProperties.swift"; sourceTree = "<group>"; };
		7FB6A8D528DD89E5009C61C5 /* Date+DifferenceToString.swift */ = {isa = PBXFileReference; lastKnownFileType = sourcecode.swift; path = "Date+DifferenceToString.swift"; sourceTree = "<group>"; };
		7FB6A8D728DD9B13009C61C5 /* TotalDidsCell.swift */ = {isa = PBXFileReference; lastKnownFileType = sourcecode.swift; path = TotalDidsCell.swift; sourceTree = "<group>"; };
		7FB6A8D928DDC2C4009C61C5 /* Date+GetHoursAndMinutes.swift */ = {isa = PBXFileReference; lastKnownFileType = sourcecode.swift; path = "Date+GetHoursAndMinutes.swift"; sourceTree = "<group>"; };
		7FB6A92228E07BE4009C61C5 /* DayLabel.swift */ = {isa = PBXFileReference; lastKnownFileType = sourcecode.swift; path = DayLabel.swift; sourceTree = "<group>"; };
		7FB6A92428E07BED009C61C5 /* MonthLabel.swift */ = {isa = PBXFileReference; lastKnownFileType = sourcecode.swift; path = MonthLabel.swift; sourceTree = "<group>"; };
		7FC22B6228C88AA500F83122 /* DataModel.xcdatamodel */ = {isa = PBXFileReference; lastKnownFileType = wrapper.xcdatamodel; path = DataModel.xcdatamodel; sourceTree = "<group>"; };
		7FC22B6828C9C0E500F83122 /* Did.swift */ = {isa = PBXFileReference; lastKnownFileType = sourcecode.swift; path = Did.swift; sourceTree = "<group>"; };
		7FC22B6B28C9C9E900F83122 /* DidCoreDataStorage.swift */ = {isa = PBXFileReference; lastKnownFileType = sourcecode.swift; path = DidCoreDataStorage.swift; sourceTree = "<group>"; };
		7FC22B6E28CB137E00F83122 /* DidCoreDataStorageTests.swift */ = {isa = PBXFileReference; lastKnownFileType = sourcecode.swift; path = DidCoreDataStorageTests.swift; sourceTree = "<group>"; };
		7FC22B7428CB145300F83122 /* DidTodayUIKitTests.xctest */ = {isa = PBXFileReference; explicitFileType = wrapper.cfbundle; includeInIndex = 0; path = DidTodayUIKitTests.xctest; sourceTree = BUILT_PRODUCTS_DIR; };
		7FC22B7E28CB232600F83122 /* Seeds.swift */ = {isa = PBXFileReference; lastKnownFileType = sourcecode.swift; path = Seeds.swift; sourceTree = "<group>"; };
		7FC22BB728CDE19300F83122 /* MainViewController.swift */ = {isa = PBXFileReference; lastKnownFileType = sourcecode.swift; path = MainViewController.swift; sourceTree = "<group>"; };
		7FC22BB928D0547500F83122 /* DidCell.swift */ = {isa = PBXFileReference; lastKnownFileType = sourcecode.swift; path = DidCell.swift; sourceTree = "<group>"; };
		7FC580A228D1A201008086FD /* PieView.swift */ = {isa = PBXFileReference; lastKnownFileType = sourcecode.swift; path = PieView.swift; sourceTree = "<group>"; };
		7FD2B04B2909161A0048408F /* StoryboardName.swift */ = {isa = PBXFileReference; lastKnownFileType = sourcecode.swift; path = StoryboardName.swift; sourceTree = "<group>"; };
		ADA015A5697AC9D46CCADCEC /* Pods_DidTodayUIKit_DidTodayUIKitUITests.framework */ = {isa = PBXFileReference; explicitFileType = wrapper.framework; includeInIndex = 0; path = Pods_DidTodayUIKit_DidTodayUIKitUITests.framework; sourceTree = BUILT_PRODUCTS_DIR; };
		D52ECED48532DF52D0291955 /* Pods_DidTodayUIKit.framework */ = {isa = PBXFileReference; explicitFileType = wrapper.framework; includeInIndex = 0; path = Pods_DidTodayUIKit.framework; sourceTree = BUILT_PRODUCTS_DIR; };
/* End PBXFileReference section */

/* Begin PBXFrameworksBuildPhase section */
		504CE03B253FDFAA000CC6CF /* Frameworks */ = {
			isa = PBXFrameworksBuildPhase;
			buildActionMask = 2147483647;
			files = (
				7FB6A91E28E07557009C61C5 /* HorizonCalendar in Frameworks */,
			);
			runOnlyForDeploymentPostprocessing = 0;
		};
		7FC22B7128CB145300F83122 /* Frameworks */ = {
			isa = PBXFrameworksBuildPhase;
			buildActionMask = 2147483647;
			files = (
			);
			runOnlyForDeploymentPostprocessing = 0;
		};
/* End PBXFrameworksBuildPhase section */

/* Begin PBXGroup section */
		504CE035253FDFA9000CC6CF = {
			isa = PBXGroup;
			children = (
				504CE040253FDFAA000CC6CF /* DidTodayUIKit */,
				7FC22B7528CB145300F83122 /* DidTodayUIKitTests */,
				504CE03F253FDFAA000CC6CF /* Products */,
				DAB2CA619C78ADD98AADD0EB /* Frameworks */,
			);
			sourceTree = "<group>";
		};
		504CE03F253FDFAA000CC6CF /* Products */ = {
			isa = PBXGroup;
			children = (
				504CE03E253FDFAA000CC6CF /* DidTodayUIKit.app */,
				7FC22B7428CB145300F83122 /* DidTodayUIKitTests.xctest */,
			);
			name = Products;
			sourceTree = "<group>";
		};
		504CE040253FDFAA000CC6CF /* DidTodayUIKit */ = {
			isa = PBXGroup;
			children = (
				7FC22B5828C71AE400F83122 /* Sources */,
				7FC22B5F28C76D0A00F83122 /* Resources */,
				7FC22B5E28C76CBD00F83122 /* Supportings */,
			);
			path = DidTodayUIKit;
			sourceTree = "<group>";
		};
		7F133C45290364300099E55C /* Calendar */ = {
			isa = PBXGroup;
			children = (
				7FB6A92128E07BC4009C61C5 /* Calendar */,
				7F133C46290365460099E55C /* CalendarViewController.swift */,
			);
			path = Calendar;
			sourceTree = "<group>";
		};
		7F397A6428D709D3000F89E2 /* Main */ = {
			isa = PBXGroup;
			children = (
				7FA60AE828D6FB7A0098F3D2 /* MainViewControllerTests.swift */,
				7F80EBC828D334A000781DB4 /* MainViewModelTests.swift */,
			);
			path = Main;
			sourceTree = "<group>";
		};
		7F397A7028D82FF4000F89E2 /* CreateDid */ = {
			isa = PBXGroup;
			children = (
				7F397A6728D71E74000F89E2 /* CreateDidViewController.swift */,
				7F397A7128D83021000F89E2 /* CreateDidViewModel.swift */,
			);
			path = CreateDid;
			sourceTree = "<group>";
		};
		7F5A91C628E68CA7006B8406 /* Date Extensions */ = {
			isa = PBXGroup;
			children = (
				7F397A7328D86EF1000F89E2 /* Date+ToDouble.swift */,
				7FB6A8D528DD89E5009C61C5 /* Date+DifferenceToString.swift */,
				7FB6A8D928DDC2C4009C61C5 /* Date+GetHoursAndMinutes.swift */,
				7F5A91C728E68CCF006B8406 /* Date+ToString.swift */,
			);
			path = "Date Extensions";
			sourceTree = "<group>";
		};
		7FB6A8C928DAF514009C61C5 /* CreateDid */ = {
			isa = PBXGroup;
			children = (
				7FB6A8CA28DAF529009C61C5 /* CreateDidViewModelTests.swift */,
				7FB6A8CE28DB00E3009C61C5 /* CreateDidViewControllerTests.swift */,
			);
			path = CreateDid;
			sourceTree = "<group>";
		};
		7FB6A8D028DD526E009C61C5 /* Legacy */ = {
			isa = PBXGroup;
			children = (
				504CE045253FDFAA000CC6CF /* PreviousMainViewController.swift */,
				504CE0B8253FDFE9000CC6CF /* ViewModel.swift */,
			);
			path = Legacy;
			sourceTree = "<group>";
		};
		7FB6A91F28E079ED009C61C5 /* Custom */ = {
			isa = PBXGroup;
			children = (
				7FB6A92028E079FC009C61C5 /* Lagecy */,
				7FC580A228D1A201008086FD /* PieView.swift */,
			);
			path = Custom;
			sourceTree = "<group>";
		};
		7FB6A92028E079FC009C61C5 /* Lagecy */ = {
			isa = PBXGroup;
			children = (
				5054D6C2255A8ABE005E8850 /* Pie.swift */,
				504CE0C0254143CC000CC6CF /* AllPie.swift */,
			);
			path = Lagecy;
			sourceTree = "<group>";
		};
		7FB6A92128E07BC4009C61C5 /* Calendar */ = {
			isa = PBXGroup;
			children = (
				7FB6A92228E07BE4009C61C5 /* DayLabel.swift */,
				7FB6A92428E07BED009C61C5 /* MonthLabel.swift */,
			);
			path = Calendar;
			sourceTree = "<group>";
		};
		7FC22B5828C71AE400F83122 /* Sources */ = {
			isa = PBXGroup;
			children = (
				7FC22B6028C88A3A00F83122 /* Services */,
				7FC22B5C28C7224000F83122 /* Entry */,
				7FC22B5D28C76C9A00F83122 /* Models */,
				7FC22B5928C71AEB00F83122 /* Scenes */,
				7FC22B5B28C71B1700F83122 /* Utils */,
			);
			path = Sources;
			sourceTree = "<group>";
		};
		7FC22B5928C71AEB00F83122 /* Scenes */ = {
			isa = PBXGroup;
			children = (
				504CE047253FDFAA000CC6CF /* Main.storyboard */,
				7FB6A91F28E079ED009C61C5 /* Custom */,
				7FB6A8D028DD526E009C61C5 /* Legacy */,
				7FC22B5A28C71AF500F83122 /* Main */,
				7F133C45290364300099E55C /* Calendar */,
				7F397A7028D82FF4000F89E2 /* CreateDid */,
			);
			path = Scenes;
			sourceTree = "<group>";
		};
		7FC22B5A28C71AF500F83122 /* Main */ = {
			isa = PBXGroup;
			children = (
				7FB6A8D728DD9B13009C61C5 /* TotalDidsCell.swift */,
				7FC22BB928D0547500F83122 /* DidCell.swift */,
				7FC22BB728CDE19300F83122 /* MainViewController.swift */,
				7F80EBC628D3245500781DB4 /* MainViewModel.swift */,
				7F80EBCA28D4102500781DB4 /* MainDidItemsViewModel.swift */,
			);
			path = Main;
			sourceTree = "<group>";
		};
		7FC22B5B28C71B1700F83122 /* Utils */ = {
			isa = PBXGroup;
			children = (
				7FD2B04A2909158A0048408F /* Namespaces */,
				7F133CA2290902EC0099E55C /* StoryboardInstantiable.swift */,
				7F5A91C628E68CA7006B8406 /* Date Extensions */,
				50A450592564CFD500812F14 /* Localize.swift */,
				7F133C5629063BF00099E55C /* UIColor+theme.swift */,
			);
			path = Utils;
			sourceTree = "<group>";
		};
		7FC22B5C28C7224000F83122 /* Entry */ = {
			isa = PBXGroup;
			children = (
				504CE041253FDFAA000CC6CF /* AppDelegate.swift */,
				504CE043253FDFAA000CC6CF /* SceneDelegate.swift */,
				7F133C622907C66A0099E55C /* FlowCoordinator.swift */,
				7F133C642907CC5A0099E55C /* SceneDIContainer.swift */,
			);
			path = Entry;
			sourceTree = "<group>";
		};
		7FC22B5D28C76C9A00F83122 /* Models */ = {
			isa = PBXGroup;
			children = (
				7FB6A8D128DD5C04009C61C5 /* ManagedDidItem+CoreDataClass.swift */,
				7FB6A8D228DD5C04009C61C5 /* ManagedDidItem+CoreDataProperties.swift */,
				504CE0B3253FDFDF000CC6CF /* PreviousVersionModel.swift */,
				7FC22B6828C9C0E500F83122 /* Did.swift */,
			);
			path = Models;
			sourceTree = "<group>";
		};
		7FC22B5E28C76CBD00F83122 /* Supportings */ = {
			isa = PBXGroup;
			children = (
				504CE04F253FDFAE000CC6CF /* Info.plist */,
				504CE04C253FDFAE000CC6CF /* LaunchScreen.storyboard */,
				50A450522564CA8300812F14 /* Localizable.strings */,
				7FC22B6128C88AA500F83122 /* DataModel.xcdatamodeld */,
			);
			path = Supportings;
			sourceTree = "<group>";
		};
		7FC22B5F28C76D0A00F83122 /* Resources */ = {
			isa = PBXGroup;
			children = (
				504CE04A253FDFAE000CC6CF /* Assets.xcassets */,
			);
			path = Resources;
			sourceTree = "<group>";
		};
		7FC22B6028C88A3A00F83122 /* Services */ = {
			isa = PBXGroup;
			children = (
				7FC22B6A28C9C9C500F83122 /* CoreData */,
			);
			path = Services;
			sourceTree = "<group>";
		};
		7FC22B6A28C9C9C500F83122 /* CoreData */ = {
			isa = PBXGroup;
			children = (
				7FC22B6B28C9C9E900F83122 /* DidCoreDataStorage.swift */,
			);
			path = CoreData;
			sourceTree = "<group>";
		};
		7FC22B7528CB145300F83122 /* DidTodayUIKitTests */ = {
			isa = PBXGroup;
			children = (
				7FB6A8C928DAF514009C61C5 /* CreateDid */,
				7F397A6428D709D3000F89E2 /* Main */,
				7FC22B6E28CB137E00F83122 /* DidCoreDataStorageTests.swift */,
				7FC22B7E28CB232600F83122 /* Seeds.swift */,
			);
			path = DidTodayUIKitTests;
			sourceTree = "<group>";
		};
		7FD2B04A2909158A0048408F /* Namespaces */ = {
			isa = PBXGroup;
			children = (
				7FD2B04B2909161A0048408F /* StoryboardName.swift */,
			);
			path = Namespaces;
			sourceTree = "<group>";
		};
		DAB2CA619C78ADD98AADD0EB /* Frameworks */ = {
			isa = PBXGroup;
			children = (
				D52ECED48532DF52D0291955 /* Pods_DidTodayUIKit.framework */,
				ADA015A5697AC9D46CCADCEC /* Pods_DidTodayUIKit_DidTodayUIKitUITests.framework */,
				49F50979A383AA3F51E8E15F /* Pods_DidTodayUIKitTests.framework */,
			);
			name = Frameworks;
			sourceTree = "<group>";
		};
/* End PBXGroup section */

/* Begin PBXNativeTarget section */
		504CE03D253FDFAA000CC6CF /* DidTodayUIKit */ = {
			isa = PBXNativeTarget;
			buildConfigurationList = 504CE068253FDFAE000CC6CF /* Build configuration list for PBXNativeTarget "DidTodayUIKit" */;
			buildPhases = (
				504CE03A253FDFAA000CC6CF /* Sources */,
				504CE03B253FDFAA000CC6CF /* Frameworks */,
				504CE03C253FDFAA000CC6CF /* Resources */,
			);
			buildRules = (
			);
			dependencies = (
			);
			name = DidTodayUIKit;
			packageProductDependencies = (
				7FB6A91D28E07557009C61C5 /* HorizonCalendar */,
			);
			productName = DidTodayUIKit;
			productReference = 504CE03E253FDFAA000CC6CF /* DidTodayUIKit.app */;
			productType = "com.apple.product-type.application";
		};
		7FC22B7328CB145300F83122 /* DidTodayUIKitTests */ = {
			isa = PBXNativeTarget;
			buildConfigurationList = 7FC22B7A28CB145300F83122 /* Build configuration list for PBXNativeTarget "DidTodayUIKitTests" */;
			buildPhases = (
				7FC22B7028CB145300F83122 /* Sources */,
				7FC22B7128CB145300F83122 /* Frameworks */,
				7FC22B7228CB145300F83122 /* Resources */,
			);
			buildRules = (
			);
			dependencies = (
				7FC22B7928CB145300F83122 /* PBXTargetDependency */,
			);
			name = DidTodayUIKitTests;
			productName = DidTodayUIKitTests;
			productReference = 7FC22B7428CB145300F83122 /* DidTodayUIKitTests.xctest */;
			productType = "com.apple.product-type.bundle.unit-test";
		};
/* End PBXNativeTarget section */

/* Begin PBXProject section */
		504CE036253FDFA9000CC6CF /* Project object */ = {
			isa = PBXProject;
			attributes = {
				LastSwiftUpdateCheck = 1340;
				LastUpgradeCheck = 1200;
				TargetAttributes = {
					504CE03D253FDFAA000CC6CF = {
						CreatedOnToolsVersion = 12.0.1;
					};
					7FC22B7328CB145300F83122 = {
						CreatedOnToolsVersion = 13.4.1;
						TestTargetID = 504CE03D253FDFAA000CC6CF;
					};
				};
			};
			buildConfigurationList = 504CE039253FDFA9000CC6CF /* Build configuration list for PBXProject "DidTodayUIKit" */;
			compatibilityVersion = "Xcode 9.3";
			developmentRegion = en;
			hasScannedForEncodings = 0;
			knownRegions = (
				en,
				Base,
				ko,
			);
			mainGroup = 504CE035253FDFA9000CC6CF;
			packageReferences = (
				7FB6A91C28E07557009C61C5 /* XCRemoteSwiftPackageReference "HorizonCalendar" */,
			);
			productRefGroup = 504CE03F253FDFAA000CC6CF /* Products */;
			projectDirPath = "";
			projectRoot = "";
			targets = (
				504CE03D253FDFAA000CC6CF /* DidTodayUIKit */,
				7FC22B7328CB145300F83122 /* DidTodayUIKitTests */,
			);
		};
/* End PBXProject section */

/* Begin PBXResourcesBuildPhase section */
		504CE03C253FDFAA000CC6CF /* Resources */ = {
			isa = PBXResourcesBuildPhase;
			buildActionMask = 2147483647;
			files = (
				50A450502564CA8300812F14 /* Localizable.strings in Resources */,
				504CE04E253FDFAE000CC6CF /* LaunchScreen.storyboard in Resources */,
				504CE04B253FDFAE000CC6CF /* Assets.xcassets in Resources */,
				504CE049253FDFAA000CC6CF /* Main.storyboard in Resources */,
			);
			runOnlyForDeploymentPostprocessing = 0;
		};
		7FC22B7228CB145300F83122 /* Resources */ = {
			isa = PBXResourcesBuildPhase;
			buildActionMask = 2147483647;
			files = (
			);
			runOnlyForDeploymentPostprocessing = 0;
		};
/* End PBXResourcesBuildPhase section */

/* Begin PBXSourcesBuildPhase section */
		504CE03A253FDFAA000CC6CF /* Sources */ = {
			isa = PBXSourcesBuildPhase;
			buildActionMask = 2147483647;
			files = (
				7F397A7228D83021000F89E2 /* CreateDidViewModel.swift in Sources */,
				50A4505A2564CFD500812F14 /* Localize.swift in Sources */,
				7F133C652907CC5A0099E55C /* SceneDIContainer.swift in Sources */,
				7FB6A8DA28DDC2C4009C61C5 /* Date+GetHoursAndMinutes.swift in Sources */,
				7FC580A328D1A201008086FD /* PieView.swift in Sources */,
				504CE0C1254143CC000CC6CF /* AllPie.swift in Sources */,
				7F397A6828D71E74000F89E2 /* CreateDidViewController.swift in Sources */,
				504CE0B9253FDFE9000CC6CF /* ViewModel.swift in Sources */,
				7FB6A8D628DD89E5009C61C5 /* Date+DifferenceToString.swift in Sources */,
				7F80EBCB28D4102500781DB4 /* MainDidItemsViewModel.swift in Sources */,
				504CE046253FDFAA000CC6CF /* PreviousMainViewController.swift in Sources */,
				7FC22BB828CDE19300F83122 /* MainViewController.swift in Sources */,
				7FD2B04C2909161A0048408F /* StoryboardName.swift in Sources */,
				7FC22B6928C9C0E500F83122 /* Did.swift in Sources */,
				7F133C47290365460099E55C /* CalendarViewController.swift in Sources */,
				7F80EBC728D3245500781DB4 /* MainViewModel.swift in Sources */,
				7FC22B6C28C9C9E900F83122 /* DidCoreDataStorage.swift in Sources */,
				7FB6A8D428DD5C04009C61C5 /* ManagedDidItem+CoreDataProperties.swift in Sources */,
				7FC22BBA28D0547500F83122 /* DidCell.swift in Sources */,
				504CE042253FDFAA000CC6CF /* AppDelegate.swift in Sources */,
				7FB6A92528E07BED009C61C5 /* MonthLabel.swift in Sources */,
				7FB6A92328E07BE4009C61C5 /* DayLabel.swift in Sources */,
				7FB6A8D328DD5C04009C61C5 /* ManagedDidItem+CoreDataClass.swift in Sources */,
				7F397A7428D86EF1000F89E2 /* Date+ToDouble.swift in Sources */,
				5054D6C3255A8ABE005E8850 /* Pie.swift in Sources */,
				7FC22B6328C88AA500F83122 /* DataModel.xcdatamodeld in Sources */,
				7F133C5729063BF00099E55C /* UIColor+theme.swift in Sources */,
				504CE044253FDFAA000CC6CF /* SceneDelegate.swift in Sources */,
				7FB6A8D828DD9B13009C61C5 /* TotalDidsCell.swift in Sources */,
				7F133C632907C66A0099E55C /* FlowCoordinator.swift in Sources */,
				504CE0B4253FDFDF000CC6CF /* PreviousVersionModel.swift in Sources */,
				7F133CA3290902EC0099E55C /* StoryboardInstantiable.swift in Sources */,
				7F5A91C828E68CCF006B8406 /* Date+ToString.swift in Sources */,
			);
			runOnlyForDeploymentPostprocessing = 0;
		};
		7FC22B7028CB145300F83122 /* Sources */ = {
			isa = PBXSourcesBuildPhase;
			buildActionMask = 2147483647;
			files = (
				7F80EBC928D334A000781DB4 /* MainViewModelTests.swift in Sources */,
				7FC22B7D28CB145D00F83122 /* DidCoreDataStorageTests.swift in Sources */,
				7FB6A8CF28DB00E3009C61C5 /* CreateDidViewControllerTests.swift in Sources */,
				7FC22B7F28CB232600F83122 /* Seeds.swift in Sources */,
				7FB6A8CB28DAF529009C61C5 /* CreateDidViewModelTests.swift in Sources */,
				7FA60AE928D6FB7A0098F3D2 /* MainViewControllerTests.swift in Sources */,
			);
			runOnlyForDeploymentPostprocessing = 0;
		};
/* End PBXSourcesBuildPhase section */

/* Begin PBXTargetDependency section */
		7FC22B7928CB145300F83122 /* PBXTargetDependency */ = {
			isa = PBXTargetDependency;
			target = 504CE03D253FDFAA000CC6CF /* DidTodayUIKit */;
			targetProxy = 7FC22B7828CB145300F83122 /* PBXContainerItemProxy */;
		};
/* End PBXTargetDependency section */

/* Begin PBXVariantGroup section */
		504CE047253FDFAA000CC6CF /* Main.storyboard */ = {
			isa = PBXVariantGroup;
			children = (
				504CE048253FDFAA000CC6CF /* Base */,
				50C6A1A525B28E40001B435C /* ko */,
			);
			name = Main.storyboard;
			sourceTree = "<group>";
		};
		504CE04C253FDFAE000CC6CF /* LaunchScreen.storyboard */ = {
			isa = PBXVariantGroup;
			children = (
				504CE04D253FDFAE000CC6CF /* Base */,
				50A450542564CAFB00812F14 /* ko */,
			);
			name = LaunchScreen.storyboard;
			sourceTree = "<group>";
		};
		50A450522564CA8300812F14 /* Localizable.strings */ = {
			isa = PBXVariantGroup;
			children = (
				50A450512564CA8300812F14 /* en */,
				50A450552564CAFD00812F14 /* ko */,
			);
			name = Localizable.strings;
			sourceTree = "<group>";
		};
/* End PBXVariantGroup section */

/* Begin XCBuildConfiguration section */
		504CE066253FDFAE000CC6CF /* Debug */ = {
			isa = XCBuildConfiguration;
			buildSettings = {
				ALWAYS_SEARCH_USER_PATHS = NO;
				CLANG_ANALYZER_LOCALIZABILITY_NONLOCALIZED = YES;
				CLANG_ANALYZER_NONNULL = YES;
				CLANG_ANALYZER_NUMBER_OBJECT_CONVERSION = YES_AGGRESSIVE;
				CLANG_CXX_LANGUAGE_STANDARD = "gnu++14";
				CLANG_CXX_LIBRARY = "libc++";
				CLANG_ENABLE_MODULES = YES;
				CLANG_ENABLE_OBJC_ARC = YES;
				CLANG_ENABLE_OBJC_WEAK = YES;
				CLANG_WARN_BLOCK_CAPTURE_AUTORELEASING = YES;
				CLANG_WARN_BOOL_CONVERSION = YES;
				CLANG_WARN_COMMA = YES;
				CLANG_WARN_CONSTANT_CONVERSION = YES;
				CLANG_WARN_DEPRECATED_OBJC_IMPLEMENTATIONS = YES;
				CLANG_WARN_DIRECT_OBJC_ISA_USAGE = YES_ERROR;
				CLANG_WARN_DOCUMENTATION_COMMENTS = YES;
				CLANG_WARN_EMPTY_BODY = YES;
				CLANG_WARN_ENUM_CONVERSION = YES;
				CLANG_WARN_INFINITE_RECURSION = YES;
				CLANG_WARN_INT_CONVERSION = YES;
				CLANG_WARN_NON_LITERAL_NULL_CONVERSION = YES;
				CLANG_WARN_OBJC_IMPLICIT_RETAIN_SELF = YES;
				CLANG_WARN_OBJC_LITERAL_CONVERSION = YES;
				CLANG_WARN_OBJC_ROOT_CLASS = YES_ERROR;
				CLANG_WARN_QUOTED_INCLUDE_IN_FRAMEWORK_HEADER = YES;
				CLANG_WARN_RANGE_LOOP_ANALYSIS = YES;
				CLANG_WARN_STRICT_PROTOTYPES = YES;
				CLANG_WARN_SUSPICIOUS_MOVE = YES;
				CLANG_WARN_UNGUARDED_AVAILABILITY = YES_AGGRESSIVE;
				CLANG_WARN_UNREACHABLE_CODE = YES;
				CLANG_WARN__DUPLICATE_METHOD_MATCH = YES;
				COPY_PHASE_STRIP = NO;
				DEBUG_INFORMATION_FORMAT = dwarf;
				ENABLE_STRICT_OBJC_MSGSEND = YES;
				ENABLE_TESTABILITY = YES;
				GCC_C_LANGUAGE_STANDARD = gnu11;
				GCC_DYNAMIC_NO_PIC = NO;
				GCC_NO_COMMON_BLOCKS = YES;
				GCC_OPTIMIZATION_LEVEL = 0;
				GCC_PREPROCESSOR_DEFINITIONS = (
					"DEBUG=1",
					"$(inherited)",
				);
				GCC_WARN_64_TO_32_BIT_CONVERSION = YES;
				GCC_WARN_ABOUT_RETURN_TYPE = YES_ERROR;
				GCC_WARN_UNDECLARED_SELECTOR = YES;
				GCC_WARN_UNINITIALIZED_AUTOS = YES_AGGRESSIVE;
				GCC_WARN_UNUSED_FUNCTION = YES;
				GCC_WARN_UNUSED_VARIABLE = YES;
				IPHONEOS_DEPLOYMENT_TARGET = 14.0;
				MTL_ENABLE_DEBUG_INFO = INCLUDE_SOURCE;
				MTL_FAST_MATH = YES;
				ONLY_ACTIVE_ARCH = YES;
				SDKROOT = iphoneos;
				SWIFT_ACTIVE_COMPILATION_CONDITIONS = DEBUG;
				SWIFT_OPTIMIZATION_LEVEL = "-Onone";
			};
			name = Debug;
		};
		504CE067253FDFAE000CC6CF /* Release */ = {
			isa = XCBuildConfiguration;
			buildSettings = {
				ALWAYS_SEARCH_USER_PATHS = NO;
				CLANG_ANALYZER_LOCALIZABILITY_NONLOCALIZED = YES;
				CLANG_ANALYZER_NONNULL = YES;
				CLANG_ANALYZER_NUMBER_OBJECT_CONVERSION = YES_AGGRESSIVE;
				CLANG_CXX_LANGUAGE_STANDARD = "gnu++14";
				CLANG_CXX_LIBRARY = "libc++";
				CLANG_ENABLE_MODULES = YES;
				CLANG_ENABLE_OBJC_ARC = YES;
				CLANG_ENABLE_OBJC_WEAK = YES;
				CLANG_WARN_BLOCK_CAPTURE_AUTORELEASING = YES;
				CLANG_WARN_BOOL_CONVERSION = YES;
				CLANG_WARN_COMMA = YES;
				CLANG_WARN_CONSTANT_CONVERSION = YES;
				CLANG_WARN_DEPRECATED_OBJC_IMPLEMENTATIONS = YES;
				CLANG_WARN_DIRECT_OBJC_ISA_USAGE = YES_ERROR;
				CLANG_WARN_DOCUMENTATION_COMMENTS = YES;
				CLANG_WARN_EMPTY_BODY = YES;
				CLANG_WARN_ENUM_CONVERSION = YES;
				CLANG_WARN_INFINITE_RECURSION = YES;
				CLANG_WARN_INT_CONVERSION = YES;
				CLANG_WARN_NON_LITERAL_NULL_CONVERSION = YES;
				CLANG_WARN_OBJC_IMPLICIT_RETAIN_SELF = YES;
				CLANG_WARN_OBJC_LITERAL_CONVERSION = YES;
				CLANG_WARN_OBJC_ROOT_CLASS = YES_ERROR;
				CLANG_WARN_QUOTED_INCLUDE_IN_FRAMEWORK_HEADER = YES;
				CLANG_WARN_RANGE_LOOP_ANALYSIS = YES;
				CLANG_WARN_STRICT_PROTOTYPES = YES;
				CLANG_WARN_SUSPICIOUS_MOVE = YES;
				CLANG_WARN_UNGUARDED_AVAILABILITY = YES_AGGRESSIVE;
				CLANG_WARN_UNREACHABLE_CODE = YES;
				CLANG_WARN__DUPLICATE_METHOD_MATCH = YES;
				COPY_PHASE_STRIP = NO;
				DEBUG_INFORMATION_FORMAT = "dwarf-with-dsym";
				ENABLE_NS_ASSERTIONS = NO;
				ENABLE_STRICT_OBJC_MSGSEND = YES;
				GCC_C_LANGUAGE_STANDARD = gnu11;
				GCC_NO_COMMON_BLOCKS = YES;
				GCC_WARN_64_TO_32_BIT_CONVERSION = YES;
				GCC_WARN_ABOUT_RETURN_TYPE = YES_ERROR;
				GCC_WARN_UNDECLARED_SELECTOR = YES;
				GCC_WARN_UNINITIALIZED_AUTOS = YES_AGGRESSIVE;
				GCC_WARN_UNUSED_FUNCTION = YES;
				GCC_WARN_UNUSED_VARIABLE = YES;
				IPHONEOS_DEPLOYMENT_TARGET = 14.0;
				MTL_ENABLE_DEBUG_INFO = NO;
				MTL_FAST_MATH = YES;
				SDKROOT = iphoneos;
				SWIFT_COMPILATION_MODE = wholemodule;
				SWIFT_OPTIMIZATION_LEVEL = "-O";
				VALIDATE_PRODUCT = YES;
			};
			name = Release;
		};
		504CE069253FDFAE000CC6CF /* Debug */ = {
			isa = XCBuildConfiguration;
			buildSettings = {
				ASSETCATALOG_COMPILER_APPICON_NAME = AppIcon;
				ASSETCATALOG_COMPILER_GLOBAL_ACCENT_COLOR_NAME = AccentColor;
				CODE_SIGN_STYLE = Automatic;
				DEVELOPMENT_TEAM = 3XVAQ6DRC4;
				INFOPLIST_FILE = DidTodayUIKit/Supportings/Info.plist;
				LD_RUNPATH_SEARCH_PATHS = (
					"$(inherited)",
					"@executable_path/Frameworks",
				);
				MARKETING_VERSION = 1.1;
				PRODUCT_BUNDLE_IDENTIFIER = com.ido.DidTodayUIKit;
				PRODUCT_NAME = "$(TARGET_NAME)";
				SWIFT_VERSION = 5.0;
				TARGETED_DEVICE_FAMILY = 1;
			};
			name = Debug;
		};
		504CE06A253FDFAE000CC6CF /* Release */ = {
			isa = XCBuildConfiguration;
			buildSettings = {
				ASSETCATALOG_COMPILER_APPICON_NAME = AppIcon;
				ASSETCATALOG_COMPILER_GLOBAL_ACCENT_COLOR_NAME = AccentColor;
				CODE_SIGN_STYLE = Automatic;
				DEVELOPMENT_TEAM = 3XVAQ6DRC4;
				INFOPLIST_FILE = DidTodayUIKit/Supportings/Info.plist;
				LD_RUNPATH_SEARCH_PATHS = (
					"$(inherited)",
					"@executable_path/Frameworks",
				);
				MARKETING_VERSION = 1.1;
				PRODUCT_BUNDLE_IDENTIFIER = com.ido.DidTodayUIKit;
				PRODUCT_NAME = "$(TARGET_NAME)";
				SWIFT_VERSION = 5.0;
				TARGETED_DEVICE_FAMILY = 1;
			};
			name = Release;
		};
		7FC22B7B28CB145300F83122 /* Debug */ = {
			isa = XCBuildConfiguration;
			buildSettings = {
				BUNDLE_LOADER = "$(TEST_HOST)";
				CLANG_CXX_LANGUAGE_STANDARD = "gnu++17";
				CODE_SIGN_STYLE = Automatic;
				CURRENT_PROJECT_VERSION = 1;
				DEVELOPMENT_TEAM = 3XVAQ6DRC4;
				GENERATE_INFOPLIST_FILE = YES;
				IPHONEOS_DEPLOYMENT_TARGET = 15.5;
				MARKETING_VERSION = 1.0;
				PRODUCT_BUNDLE_IDENTIFIER = com.ido.DidTodayUIKitTests;
				PRODUCT_NAME = "$(TARGET_NAME)";
				SWIFT_EMIT_LOC_STRINGS = NO;
				SWIFT_VERSION = 5.0;
				TARGETED_DEVICE_FAMILY = "1,2";
				TEST_HOST = "$(BUILT_PRODUCTS_DIR)/DidTodayUIKit.app/DidTodayUIKit";
			};
			name = Debug;
		};
		7FC22B7C28CB145300F83122 /* Release */ = {
			isa = XCBuildConfiguration;
			buildSettings = {
				BUNDLE_LOADER = "$(TEST_HOST)";
				CLANG_CXX_LANGUAGE_STANDARD = "gnu++17";
				CODE_SIGN_STYLE = Automatic;
				CURRENT_PROJECT_VERSION = 1;
				DEVELOPMENT_TEAM = 3XVAQ6DRC4;
				GENERATE_INFOPLIST_FILE = YES;
				IPHONEOS_DEPLOYMENT_TARGET = 15.5;
				MARKETING_VERSION = 1.0;
				PRODUCT_BUNDLE_IDENTIFIER = com.ido.DidTodayUIKitTests;
				PRODUCT_NAME = "$(TARGET_NAME)";
				SWIFT_EMIT_LOC_STRINGS = NO;
				SWIFT_VERSION = 5.0;
				TARGETED_DEVICE_FAMILY = "1,2";
				TEST_HOST = "$(BUILT_PRODUCTS_DIR)/DidTodayUIKit.app/DidTodayUIKit";
			};
			name = Release;
		};
/* End XCBuildConfiguration section */

/* Begin XCConfigurationList section */
		504CE039253FDFA9000CC6CF /* Build configuration list for PBXProject "DidTodayUIKit" */ = {
			isa = XCConfigurationList;
			buildConfigurations = (
				504CE066253FDFAE000CC6CF /* Debug */,
				504CE067253FDFAE000CC6CF /* Release */,
			);
			defaultConfigurationIsVisible = 0;
			defaultConfigurationName = Release;
		};
		504CE068253FDFAE000CC6CF /* Build configuration list for PBXNativeTarget "DidTodayUIKit" */ = {
			isa = XCConfigurationList;
			buildConfigurations = (
				504CE069253FDFAE000CC6CF /* Debug */,
				504CE06A253FDFAE000CC6CF /* Release */,
			);
			defaultConfigurationIsVisible = 0;
			defaultConfigurationName = Release;
		};
		7FC22B7A28CB145300F83122 /* Build configuration list for PBXNativeTarget "DidTodayUIKitTests" */ = {
			isa = XCConfigurationList;
			buildConfigurations = (
				7FC22B7B28CB145300F83122 /* Debug */,
				7FC22B7C28CB145300F83122 /* Release */,
			);
			defaultConfigurationIsVisible = 0;
			defaultConfigurationName = Release;
		};
/* End XCConfigurationList section */

/* Begin XCRemoteSwiftPackageReference section */
		7FB6A91C28E07557009C61C5 /* XCRemoteSwiftPackageReference "HorizonCalendar" */ = {
			isa = XCRemoteSwiftPackageReference;
			repositoryURL = "https://github.com/airbnb/HorizonCalendar";
			requirement = {
				branch = master;
				kind = branch;
			};
		};
/* End XCRemoteSwiftPackageReference section */

/* Begin XCSwiftPackageProductDependency section */
		7FB6A91D28E07557009C61C5 /* HorizonCalendar */ = {
			isa = XCSwiftPackageProductDependency;
			package = 7FB6A91C28E07557009C61C5 /* XCRemoteSwiftPackageReference "HorizonCalendar" */;
			productName = HorizonCalendar;
		};
/* End XCSwiftPackageProductDependency section */

/* Begin XCVersionGroup section */
		7FC22B6128C88AA500F83122 /* DataModel.xcdatamodeld */ = {
			isa = XCVersionGroup;
			children = (
				7FC22B6228C88AA500F83122 /* DataModel.xcdatamodel */,
			);
			currentVersion = 7FC22B6228C88AA500F83122 /* DataModel.xcdatamodel */;
			path = DataModel.xcdatamodeld;
			sourceTree = "<group>";
			versionGroupType = wrapper.xcdatamodel;
		};
/* End XCVersionGroup section */
	};
	rootObject = 504CE036253FDFA9000CC6CF /* Project object */;
}
