// !$*UTF8*$!
{
	archiveVersion = 1;
	classes = {
	};
	objectVersion = 52;
	objects = {

/* Begin PBXBuildFile section */
		504CE042253FDFAA000CC6CF /* AppDelegate.swift in Sources */ = {isa = PBXBuildFile; fileRef = 504CE041253FDFAA000CC6CF /* AppDelegate.swift */; };
		504CE044253FDFAA000CC6CF /* SceneDelegate.swift in Sources */ = {isa = PBXBuildFile; fileRef = 504CE043253FDFAA000CC6CF /* SceneDelegate.swift */; };
		504CE04B253FDFAE000CC6CF /* Assets.xcassets in Resources */ = {isa = PBXBuildFile; fileRef = 504CE04A253FDFAE000CC6CF /* Assets.xcassets */; };
		504CE04E253FDFAE000CC6CF /* LaunchScreen.storyboard in Resources */ = {isa = PBXBuildFile; fileRef = 504CE04C253FDFAE000CC6CF /* LaunchScreen.storyboard */; };
		504CE0B4253FDFDF000CC6CF /* PreviousVersionModel.swift in Sources */ = {isa = PBXBuildFile; fileRef = 504CE0B3253FDFDF000CC6CF /* PreviousVersionModel.swift */; };
		50A450502564CA8300812F14 /* Localizable.strings in Resources */ = {isa = PBXBuildFile; fileRef = 50A450522564CA8300812F14 /* Localizable.strings */; };
		50A4505A2564CFD500812F14 /* Localize.swift in Sources */ = {isa = PBXBuildFile; fileRef = 50A450592564CFD500812F14 /* Localize.swift */; };
		7F076FC2290FC25500DF4EDC /* Date+OmittedTime.swift in Sources */ = {isa = PBXBuildFile; fileRef = 7F076FC1290FC25500DF4EDC /* Date+OmittedTime.swift */; };
		7F0B97B7292B793F0071DF98 /* BoardLabel.swift in Sources */ = {isa = PBXBuildFile; fileRef = 7F0B97B6292B793F0071DF98 /* BoardLabel.swift */; };
		7F0B97B9292C58060071DF98 /* NeumorphismButton.swift in Sources */ = {isa = PBXBuildFile; fileRef = 7F0B97B8292C58060071DF98 /* NeumorphismButton.swift */; };
		7F0B97BB292C7ACA0071DF98 /* UIView+Border.swift in Sources */ = {isa = PBXBuildFile; fileRef = 7F0B97BA292C7ACA0071DF98 /* UIView+Border.swift */; };
		7F0BECF82950776C00C0CF1C /* DoingRouter.swift in Sources */ = {isa = PBXBuildFile; fileRef = 7F0BECF72950776C00C0CF1C /* DoingRouter.swift */; };
		7F0BECFC2951644B00C0CF1C /* DoingFlowCoordinator.swift in Sources */ = {isa = PBXBuildFile; fileRef = 7F0BECFB2951644B00C0CF1C /* DoingFlowCoordinator.swift */; };
		7F0BECFF295171E500C0CF1C /* Coordinator.swift in Sources */ = {isa = PBXBuildFile; fileRef = 7F0BECFE295171E500C0CF1C /* Coordinator.swift */; };
		7F0C251C29419BAE00304A0D /* CircularLabel.swift in Sources */ = {isa = PBXBuildFile; fileRef = 7F0C251B29419BAE00304A0D /* CircularLabel.swift */; };
		7F10CF7A29679E1B00EAADF2 /* DetailDayViewModel.swift in Sources */ = {isa = PBXBuildFile; fileRef = 7F10CF7929679E1B00EAADF2 /* DetailDayViewModel.swift */; };
		7F10CF7C2967AF7F00EAADF2 /* CalendarFlowCoordinator.swift in Sources */ = {isa = PBXBuildFile; fileRef = 7F10CF7B2967AF7F00EAADF2 /* CalendarFlowCoordinator.swift */; };
		7F10CF7E2967C3D400EAADF2 /* CalendarRouter.swift in Sources */ = {isa = PBXBuildFile; fileRef = 7F10CF7D2967C3D400EAADF2 /* CalendarRouter.swift */; };
		7F11B6132987D0BE001F879F /* TimeInterval+Times.swift in Sources */ = {isa = PBXBuildFile; fileRef = 7F11B6122987D0BE001F879F /* TimeInterval+Times.swift */; };
		7F133C47290365460099E55C /* CalendarViewController.swift in Sources */ = {isa = PBXBuildFile; fileRef = 7F133C46290365460099E55C /* CalendarViewController.swift */; };
		7F133C5729063BF00099E55C /* UIColor+Custom.swift in Sources */ = {isa = PBXBuildFile; fileRef = 7F133C5629063BF00099E55C /* UIColor+Custom.swift */; };
		7F133C632907C66A0099E55C /* MainFlowCoordinator.swift in Sources */ = {isa = PBXBuildFile; fileRef = 7F133C622907C66A0099E55C /* MainFlowCoordinator.swift */; };
		7F133C652907CC5A0099E55C /* SceneDIContainer.swift in Sources */ = {isa = PBXBuildFile; fileRef = 7F133C642907CC5A0099E55C /* SceneDIContainer.swift */; };
		7F133CA3290902EC0099E55C /* StoryboardInstantiable.swift in Sources */ = {isa = PBXBuildFile; fileRef = 7F133CA2290902EC0099E55C /* StoryboardInstantiable.swift */; };
		7F135C402925FF33005156E0 /* TotalOfDidsViewModel.swift in Sources */ = {isa = PBXBuildFile; fileRef = 7F135C3F2925FF33005156E0 /* TotalOfDidsViewModel.swift */; };
		7F2C6CBE290A6EB3002963DE /* MainRouter.swift in Sources */ = {isa = PBXBuildFile; fileRef = 7F2C6CBD290A6EB3002963DE /* MainRouter.swift */; };
		7F397A6828D71E74000F89E2 /* CreateDidViewController.swift in Sources */ = {isa = PBXBuildFile; fileRef = 7F397A6728D71E74000F89E2 /* CreateDidViewController.swift */; };
		7F397A7228D83021000F89E2 /* CreateDidViewModel.swift in Sources */ = {isa = PBXBuildFile; fileRef = 7F397A7128D83021000F89E2 /* CreateDidViewModel.swift */; };
		7F397A7428D86EF1000F89E2 /* Date+ToDouble.swift in Sources */ = {isa = PBXBuildFile; fileRef = 7F397A7328D86EF1000F89E2 /* Date+ToDouble.swift */; };
		7F43BBD12974D9A70084FB78 /* CustomText.swift in Sources */ = {isa = PBXBuildFile; fileRef = 7F43BBD02974D9A70084FB78 /* CustomText.swift */; };
		7F43BBD229751F350084FB78 /* Doing.storyboard in Resources */ = {isa = PBXBuildFile; fileRef = 7F43BBD429751F350084FB78 /* Doing.storyboard */; };
		7F43BBD729751F550084FB78 /* CreateDid.storyboard in Resources */ = {isa = PBXBuildFile; fileRef = 7F43BBD929751F550084FB78 /* CreateDid.storyboard */; };
		7F43BBDE29753FE80084FB78 /* PrivacyPolicyViewController.swift in Sources */ = {isa = PBXBuildFile; fileRef = 7F43BBDD29753FE80084FB78 /* PrivacyPolicyViewController.swift */; };
		7F43BBE0297671F50084FB78 /* PrivacyPolicyViewModel.swift in Sources */ = {isa = PBXBuildFile; fileRef = 7F43BBDF297671F50084FB78 /* PrivacyPolicyViewModel.swift */; };
		7F43BBE22976799F0084FB78 /* AboutFlowCoordinator.swift in Sources */ = {isa = PBXBuildFile; fileRef = 7F43BBE12976799F0084FB78 /* AboutFlowCoordinator.swift */; };
		7F43BBE429767D340084FB78 /* AboutRouter.swift in Sources */ = {isa = PBXBuildFile; fileRef = 7F43BBE329767D340084FB78 /* AboutRouter.swift */; };
		7F4AA14E292471EE004CE62A /* SortingSupplementaryView.swift in Sources */ = {isa = PBXBuildFile; fileRef = 7F4AA14D292471EE004CE62A /* SortingSupplementaryView.swift */; };
		7F55E3FF294C08A0007B2706 /* CreateDidAlert.swift in Sources */ = {isa = PBXBuildFile; fileRef = 7F55E3FE294C08A0007B2706 /* CreateDidAlert.swift */; };
		7F583F2D2910EE90006735AA /* HorizonCalendar in Frameworks */ = {isa = PBXBuildFile; productRef = 7F583F2C2910EE90006735AA /* HorizonCalendar */; };
		7F583F322914B73B006735AA /* DidTitleCell.swift in Sources */ = {isa = PBXBuildFile; fileRef = 7F583F312914B73B006735AA /* DidTitleCell.swift */; };
		7F583F34291A61D2006735AA /* DidsOfDayItemViewModel.swift in Sources */ = {isa = PBXBuildFile; fileRef = 7F583F33291A61D2006735AA /* DidsOfDayItemViewModel.swift */; };
		7F5A69932968FC7A00062E2B /* DetaiDaylViewModelTests.swift in Sources */ = {isa = PBXBuildFile; fileRef = 7F5A69922968FC7A00062E2B /* DetaiDaylViewModelTests.swift */; };
		7F5A91C828E68CCF006B8406 /* Date+ToString.swift in Sources */ = {isa = PBXBuildFile; fileRef = 7F5A91C728E68CCF006B8406 /* Date+ToString.swift */; };
		7F5ABAAB296F97FA002E509E /* BetaVersionMigration.swift in Sources */ = {isa = PBXBuildFile; fileRef = 7F5ABAAA296F97FA002E509E /* BetaVersionMigration.swift */; };
		7F5ABAAD296FB81F002E509E /* BetaVersionMigrationTests.swift in Sources */ = {isa = PBXBuildFile; fileRef = 7F5ABAAC296FB81F002E509E /* BetaVersionMigrationTests.swift */; };
		7F61A03C294439A80084A3F6 /* UIView+animateToShake.swift in Sources */ = {isa = PBXBuildFile; fileRef = 7F61A03B294439A80084A3F6 /* UIView+animateToShake.swift */; };
		7F666DB229BACC6100D32E29 /* UIViewPreview.swift in Sources */ = {isa = PBXBuildFile; fileRef = 7F666DB129BACC6100D32E29 /* UIViewPreview.swift */; };
		7F666DB529BAD01400D32E29 /* DidDetailsView.swift in Sources */ = {isa = PBXBuildFile; fileRef = 7F666DB429BAD01400D32E29 /* DidDetailsView.swift */; };
		7F6EF3AF29A744AE002B5970 /* CalendarViewModelTests.swift in Sources */ = {isa = PBXBuildFile; fileRef = 7F6EF3AE29A744AE002B5970 /* CalendarViewModelTests.swift */; };
		7F71192B290B95FB001DFE99 /* UIColor+GradientEffect.swift in Sources */ = {isa = PBXBuildFile; fileRef = 7F71192A290B95FB001DFE99 /* UIColor+GradientEffect.swift */; };
		7F71192D290BBC8B001DFE99 /* CalendarViewModel.swift in Sources */ = {isa = PBXBuildFile; fileRef = 7F71192C290BBC8B001DFE99 /* CalendarViewModel.swift */; };
		7F80EBC728D3245500781DB4 /* MainViewModel.swift in Sources */ = {isa = PBXBuildFile; fileRef = 7F80EBC628D3245500781DB4 /* MainViewModel.swift */; };
		7F80EBC928D334A000781DB4 /* MainViewModelTests.swift in Sources */ = {isa = PBXBuildFile; fileRef = 7F80EBC828D334A000781DB4 /* MainViewModelTests.swift */; };
		7F80EBCB28D4102500781DB4 /* DidItemsViewModel.swift in Sources */ = {isa = PBXBuildFile; fileRef = 7F80EBCA28D4102500781DB4 /* DidItemsViewModel.swift */; };
		7F850C612961AEC80083522A /* ParentUIViewController.swift in Sources */ = {isa = PBXBuildFile; fileRef = 7F850C602961AEC80083522A /* ParentUIViewController.swift */; };
		7F850CB4296509820083522A /* AuthorizationManager.swift in Sources */ = {isa = PBXBuildFile; fileRef = 7F850CB3296509820083522A /* AuthorizationManager.swift */; };
		7F850CB62965130E0083522A /* UserNotificationManager.swift in Sources */ = {isa = PBXBuildFile; fileRef = 7F850CB52965130E0083522A /* UserNotificationManager.swift */; };
		7F850CB829651EE00083522A /* DayIsChangedNotification.swift in Sources */ = {isa = PBXBuildFile; fileRef = 7F850CB729651EE00083522A /* DayIsChangedNotification.swift */; };
		7F850CBB29655C2E0083522A /* DetailDayViewController.swift in Sources */ = {isa = PBXBuildFile; fileRef = 7F850CBA29655C2E0083522A /* DetailDayViewController.swift */; };
		7F850CC22966B6540083522A /* DidListCollectionViewController.swift in Sources */ = {isa = PBXBuildFile; fileRef = 7F850CC12966B6540083522A /* DidListCollectionViewController.swift */; };
		7F9B3FB729B9F01900C8A3D0 /* FlexLayout in Frameworks */ = {isa = PBXBuildFile; productRef = 7F9B3FB629B9F01900C8A3D0 /* FlexLayout */; };
		7F9B3FBA29B9F06700C8A3D0 /* PinLayout in Frameworks */ = {isa = PBXBuildFile; productRef = 7F9B3FB929B9F06700C8A3D0 /* PinLayout */; };
		7F9B3FC029B9F47600C8A3D0 /* FlexLayoutYoga in Frameworks */ = {isa = PBXBuildFile; productRef = 7F9B3FBF29B9F47600C8A3D0 /* FlexLayoutYoga */; };
		7F9B3FC229B9F47600C8A3D0 /* FlexLayoutYogaKit in Frameworks */ = {isa = PBXBuildFile; productRef = 7F9B3FC129B9F47600C8A3D0 /* FlexLayoutYogaKit */; };
		7F9C0B9E293DAA8C0094C2A5 /* TimerAlert.swift in Sources */ = {isa = PBXBuildFile; fileRef = 7F9C0B9D293DAA8C0094C2A5 /* TimerAlert.swift */; };
		7F9C0BA0293DC1BA0094C2A5 /* Double+ToStringOfTimer.swift in Sources */ = {isa = PBXBuildFile; fileRef = 7F9C0B9F293DC1BA0094C2A5 /* Double+ToStringOfTimer.swift */; };
		7FA3118F29B3324800A4C5DE /* FetchDidUseCase.swift in Sources */ = {isa = PBXBuildFile; fileRef = 7FA3118E29B3324800A4C5DE /* FetchDidUseCase.swift */; };
		7FA3119129B4211100A4C5DE /* FetchDidUseCaseTests.swift in Sources */ = {isa = PBXBuildFile; fileRef = 7FA3119029B4211100A4C5DE /* FetchDidUseCaseTests.swift */; };
		7FA3119329B43A1500A4C5DE /* CreateDidUseCase.swift in Sources */ = {isa = PBXBuildFile; fileRef = 7FA3119229B43A1500A4C5DE /* CreateDidUseCase.swift */; };
		7FA3119529B43C2700A4C5DE /* CreateDidUseCaseTests.swift in Sources */ = {isa = PBXBuildFile; fileRef = 7FA3119429B43C2700A4C5DE /* CreateDidUseCaseTests.swift */; };
		7FA60AE928D6FB7A0098F3D2 /* MainViewControllerTests.swift in Sources */ = {isa = PBXBuildFile; fileRef = 7FA60AE828D6FB7A0098F3D2 /* MainViewControllerTests.swift */; };
		7FAD0FFC2990C4B2009E452E /* UIColor+IsDark.swift in Sources */ = {isa = PBXBuildFile; fileRef = 7FAD0FFB2990C4B2009E452E /* UIColor+IsDark.swift */; };
		7FB3345D2953E58000E9FB88 /* AboutViewController.swift in Sources */ = {isa = PBXBuildFile; fileRef = 7FB3345C2953E58000E9FB88 /* AboutViewController.swift */; };
		7FB3345F2953E5FC00E9FB88 /* AboutViewModel.swift in Sources */ = {isa = PBXBuildFile; fileRef = 7FB3345E2953E5FC00E9FB88 /* AboutViewModel.swift */; };
		7FB6A8CB28DAF529009C61C5 /* CreateDidViewModelTests.swift in Sources */ = {isa = PBXBuildFile; fileRef = 7FB6A8CA28DAF529009C61C5 /* CreateDidViewModelTests.swift */; };
		7FB6A8CF28DB00E3009C61C5 /* CreateDidViewControllerTests.swift in Sources */ = {isa = PBXBuildFile; fileRef = 7FB6A8CE28DB00E3009C61C5 /* CreateDidViewControllerTests.swift */; };
		7FB6A8D328DD5C04009C61C5 /* ManagedDidItem+CoreDataClass.swift in Sources */ = {isa = PBXBuildFile; fileRef = 7FB6A8D128DD5C04009C61C5 /* ManagedDidItem+CoreDataClass.swift */; };
		7FB6A8D428DD5C04009C61C5 /* ManagedDidItem+CoreDataProperties.swift in Sources */ = {isa = PBXBuildFile; fileRef = 7FB6A8D228DD5C04009C61C5 /* ManagedDidItem+CoreDataProperties.swift */; };
		7FB6A8D628DD89E5009C61C5 /* Date+DifferenceToString.swift in Sources */ = {isa = PBXBuildFile; fileRef = 7FB6A8D528DD89E5009C61C5 /* Date+DifferenceToString.swift */; };
		7FB6A8D828DD9B13009C61C5 /* TotalDidsCell.swift in Sources */ = {isa = PBXBuildFile; fileRef = 7FB6A8D728DD9B13009C61C5 /* TotalDidsCell.swift */; };
		7FB6A8DA28DDC2C4009C61C5 /* Date+GetHoursAndMinutes.swift in Sources */ = {isa = PBXBuildFile; fileRef = 7FB6A8D928DDC2C4009C61C5 /* Date+GetHoursAndMinutes.swift */; };
		7FB6A92328E07BE4009C61C5 /* DayLabel.swift in Sources */ = {isa = PBXBuildFile; fileRef = 7FB6A92228E07BE4009C61C5 /* DayLabel.swift */; };
		7FB6A92528E07BED009C61C5 /* MonthLabel.swift in Sources */ = {isa = PBXBuildFile; fileRef = 7FB6A92428E07BED009C61C5 /* MonthLabel.swift */; };
		7FC115A229386B930056237A /* DoingViewModel.swift in Sources */ = {isa = PBXBuildFile; fileRef = 7FC115A129386B930056237A /* DoingViewModel.swift */; };
		7FC115A5293875510056237A /* DoingViewModelTests.swift in Sources */ = {isa = PBXBuildFile; fileRef = 7FC115A4293875510056237A /* DoingViewModelTests.swift */; };
		7FC115A72939EAF50056237A /* DoingViewController.swift in Sources */ = {isa = PBXBuildFile; fileRef = 7FC115A62939EAF50056237A /* DoingViewController.swift */; };
		7FC22B6328C88AA500F83122 /* DataModel.xcdatamodeld in Sources */ = {isa = PBXBuildFile; fileRef = 7FC22B6128C88AA500F83122 /* DataModel.xcdatamodeld */; };
		7FC22B6928C9C0E500F83122 /* Did.swift in Sources */ = {isa = PBXBuildFile; fileRef = 7FC22B6828C9C0E500F83122 /* Did.swift */; };
		7FC22B6C28C9C9E900F83122 /* DidCoreDataStorage.swift in Sources */ = {isa = PBXBuildFile; fileRef = 7FC22B6B28C9C9E900F83122 /* DidCoreDataStorage.swift */; };
		7FC22B7D28CB145D00F83122 /* DidCoreDataStorageTests.swift in Sources */ = {isa = PBXBuildFile; fileRef = 7FC22B6E28CB137E00F83122 /* DidCoreDataStorageTests.swift */; };
		7FC22B7F28CB232600F83122 /* Seeds.swift in Sources */ = {isa = PBXBuildFile; fileRef = 7FC22B7E28CB232600F83122 /* Seeds.swift */; };
		7FC22BB828CDE19300F83122 /* MainViewController.swift in Sources */ = {isa = PBXBuildFile; fileRef = 7FC22BB728CDE19300F83122 /* MainViewController.swift */; };
		7FC22BBA28D0547500F83122 /* DidCell.swift in Sources */ = {isa = PBXBuildFile; fileRef = 7FC22BB928D0547500F83122 /* DidCell.swift */; };
		7FC580A328D1A201008086FD /* PieView.swift in Sources */ = {isa = PBXBuildFile; fileRef = 7FC580A228D1A201008086FD /* PieView.swift */; };
		7FD2B04C2909161A0048408F /* StoryboardName.swift in Sources */ = {isa = PBXBuildFile; fileRef = 7FD2B04B2909161A0048408F /* StoryboardName.swift */; };
		7FDC193A2977A26500117963 /* AboutViewModelTests.swift in Sources */ = {isa = PBXBuildFile; fileRef = 7FDC19392977A26500117963 /* AboutViewModelTests.swift */; };
		7FDD406B29AC782100C1B656 /* MainAlert.swift in Sources */ = {isa = PBXBuildFile; fileRef = 7FDD406A29AC782100C1B656 /* MainAlert.swift */; };
		7FE4C06F294852020048F24E /* UIColor+GetRGB.swift in Sources */ = {isa = PBXBuildFile; fileRef = 7FE4C06E294852020048F24E /* UIColor+GetRGB.swift */; };
		7FEB006029595D120073B90C /* DetailDidSupplementaryView.swift in Sources */ = {isa = PBXBuildFile; fileRef = 7FEB005F29595D120073B90C /* DetailDidSupplementaryView.swift */; };
		7FEB0064295C242D0073B90C /* UIView+Animate To Hide.swift in Sources */ = {isa = PBXBuildFile; fileRef = 7FEB0063295C242D0073B90C /* UIView+Animate To Hide.swift */; };
		7FF48C2B2921F4F600387FE7 /* UIView+Shadow Effect.swift in Sources */ = {isa = PBXBuildFile; fileRef = 7FF48C2A2921F4F600387FE7 /* UIView+Shadow Effect.swift */; };
		7FF48C2D2922085A00387FE7 /* UIView+Corner Radius.swift in Sources */ = {isa = PBXBuildFile; fileRef = 7FF48C2C2922085A00387FE7 /* UIView+Corner Radius.swift */; };
		7FF770B12955625400A665B5 /* AboutCell.swift in Sources */ = {isa = PBXBuildFile; fileRef = 7FF770B02955625400A665B5 /* AboutCell.swift */; };
		7FF770B429557ED500A665B5 /* AboutDid.swift in Sources */ = {isa = PBXBuildFile; fileRef = 7FF770B329557ED500A665B5 /* AboutDid.swift */; };
/* End PBXBuildFile section */

/* Begin PBXContainerItemProxy section */
		7FC22B7828CB145300F83122 /* PBXContainerItemProxy */ = {
			isa = PBXContainerItemProxy;
			containerPortal = 504CE036253FDFA9000CC6CF /* Project object */;
			proxyType = 1;
			remoteGlobalIDString = 504CE03D253FDFAA000CC6CF;
			remoteInfo = DidTodayUIKit;
		};
/* End PBXContainerItemProxy section */

/* Begin PBXFileReference section */
		49F50979A383AA3F51E8E15F /* Pods_DidTodayUIKitTests.framework */ = {isa = PBXFileReference; explicitFileType = wrapper.framework; includeInIndex = 0; path = Pods_DidTodayUIKitTests.framework; sourceTree = BUILT_PRODUCTS_DIR; };
		504CE03E253FDFAA000CC6CF /* DidTodayUIKit.app */ = {isa = PBXFileReference; explicitFileType = wrapper.application; includeInIndex = 0; path = DidTodayUIKit.app; sourceTree = BUILT_PRODUCTS_DIR; };
		504CE041253FDFAA000CC6CF /* AppDelegate.swift */ = {isa = PBXFileReference; lastKnownFileType = sourcecode.swift; path = AppDelegate.swift; sourceTree = "<group>"; };
		504CE043253FDFAA000CC6CF /* SceneDelegate.swift */ = {isa = PBXFileReference; lastKnownFileType = sourcecode.swift; path = SceneDelegate.swift; sourceTree = "<group>"; };
		504CE04A253FDFAE000CC6CF /* Assets.xcassets */ = {isa = PBXFileReference; lastKnownFileType = folder.assetcatalog; path = Assets.xcassets; sourceTree = "<group>"; };
		504CE04D253FDFAE000CC6CF /* Base */ = {isa = PBXFileReference; lastKnownFileType = file.storyboard; name = Base; path = Base.lproj/LaunchScreen.storyboard; sourceTree = "<group>"; };
		504CE04F253FDFAE000CC6CF /* Info.plist */ = {isa = PBXFileReference; lastKnownFileType = text.plist.xml; path = Info.plist; sourceTree = "<group>"; };
		504CE0B3253FDFDF000CC6CF /* PreviousVersionModel.swift */ = {isa = PBXFileReference; lastKnownFileType = sourcecode.swift; path = PreviousVersionModel.swift; sourceTree = "<group>"; };
		50A450512564CA8300812F14 /* en */ = {isa = PBXFileReference; lastKnownFileType = text.plist.strings; name = en; path = en.lproj/Localizable.strings; sourceTree = "<group>"; };
		50A450542564CAFB00812F14 /* ko */ = {isa = PBXFileReference; lastKnownFileType = text.plist.strings; name = ko; path = ko.lproj/LaunchScreen.strings; sourceTree = "<group>"; };
		50A450552564CAFD00812F14 /* ko */ = {isa = PBXFileReference; lastKnownFileType = text.plist.strings; name = ko; path = ko.lproj/Localizable.strings; sourceTree = "<group>"; };
		50A450592564CFD500812F14 /* Localize.swift */ = {isa = PBXFileReference; lastKnownFileType = sourcecode.swift; path = Localize.swift; sourceTree = "<group>"; };
		7F076FC1290FC25500DF4EDC /* Date+OmittedTime.swift */ = {isa = PBXFileReference; lastKnownFileType = sourcecode.swift; path = "Date+OmittedTime.swift"; sourceTree = "<group>"; };
		7F0B97B6292B793F0071DF98 /* BoardLabel.swift */ = {isa = PBXFileReference; lastKnownFileType = sourcecode.swift; path = BoardLabel.swift; sourceTree = "<group>"; };
		7F0B97B8292C58060071DF98 /* NeumorphismButton.swift */ = {isa = PBXFileReference; lastKnownFileType = sourcecode.swift; path = NeumorphismButton.swift; sourceTree = "<group>"; };
		7F0B97BA292C7ACA0071DF98 /* UIView+Border.swift */ = {isa = PBXFileReference; lastKnownFileType = sourcecode.swift; path = "UIView+Border.swift"; sourceTree = "<group>"; };
		7F0BECF72950776C00C0CF1C /* DoingRouter.swift */ = {isa = PBXFileReference; lastKnownFileType = sourcecode.swift; path = DoingRouter.swift; sourceTree = "<group>"; };
		7F0BECFB2951644B00C0CF1C /* DoingFlowCoordinator.swift */ = {isa = PBXFileReference; lastKnownFileType = sourcecode.swift; path = DoingFlowCoordinator.swift; sourceTree = "<group>"; };
		7F0BECFE295171E500C0CF1C /* Coordinator.swift */ = {isa = PBXFileReference; lastKnownFileType = sourcecode.swift; path = Coordinator.swift; sourceTree = "<group>"; };
		7F0C251B29419BAE00304A0D /* CircularLabel.swift */ = {isa = PBXFileReference; lastKnownFileType = sourcecode.swift; path = CircularLabel.swift; sourceTree = "<group>"; };
		7F10CF7929679E1B00EAADF2 /* DetailDayViewModel.swift */ = {isa = PBXFileReference; lastKnownFileType = sourcecode.swift; path = DetailDayViewModel.swift; sourceTree = "<group>"; };
		7F10CF7B2967AF7F00EAADF2 /* CalendarFlowCoordinator.swift */ = {isa = PBXFileReference; lastKnownFileType = sourcecode.swift; path = CalendarFlowCoordinator.swift; sourceTree = "<group>"; };
		7F10CF7D2967C3D400EAADF2 /* CalendarRouter.swift */ = {isa = PBXFileReference; lastKnownFileType = sourcecode.swift; path = CalendarRouter.swift; sourceTree = "<group>"; };
		7F11B6122987D0BE001F879F /* TimeInterval+Times.swift */ = {isa = PBXFileReference; lastKnownFileType = sourcecode.swift; path = "TimeInterval+Times.swift"; sourceTree = "<group>"; };
		7F133C46290365460099E55C /* CalendarViewController.swift */ = {isa = PBXFileReference; lastKnownFileType = sourcecode.swift; path = CalendarViewController.swift; sourceTree = "<group>"; };
		7F133C5629063BF00099E55C /* UIColor+Custom.swift */ = {isa = PBXFileReference; lastKnownFileType = sourcecode.swift; path = "UIColor+Custom.swift"; sourceTree = "<group>"; };
		7F133C622907C66A0099E55C /* MainFlowCoordinator.swift */ = {isa = PBXFileReference; lastKnownFileType = sourcecode.swift; path = MainFlowCoordinator.swift; sourceTree = "<group>"; };
		7F133C642907CC5A0099E55C /* SceneDIContainer.swift */ = {isa = PBXFileReference; lastKnownFileType = sourcecode.swift; path = SceneDIContainer.swift; sourceTree = "<group>"; };
		7F133CA2290902EC0099E55C /* StoryboardInstantiable.swift */ = {isa = PBXFileReference; lastKnownFileType = sourcecode.swift; path = StoryboardInstantiable.swift; sourceTree = "<group>"; };
		7F135C3F2925FF33005156E0 /* TotalOfDidsViewModel.swift */ = {isa = PBXFileReference; lastKnownFileType = sourcecode.swift; path = TotalOfDidsViewModel.swift; sourceTree = "<group>"; };
		7F2C6CBD290A6EB3002963DE /* MainRouter.swift */ = {isa = PBXFileReference; lastKnownFileType = sourcecode.swift; path = MainRouter.swift; sourceTree = "<group>"; };
		7F397A6728D71E74000F89E2 /* CreateDidViewController.swift */ = {isa = PBXFileReference; lastKnownFileType = sourcecode.swift; path = CreateDidViewController.swift; sourceTree = "<group>"; };
		7F397A7128D83021000F89E2 /* CreateDidViewModel.swift */ = {isa = PBXFileReference; lastKnownFileType = sourcecode.swift; path = CreateDidViewModel.swift; sourceTree = "<group>"; };
		7F397A7328D86EF1000F89E2 /* Date+ToDouble.swift */ = {isa = PBXFileReference; lastKnownFileType = sourcecode.swift; path = "Date+ToDouble.swift"; sourceTree = "<group>"; };
		7F43BBD02974D9A70084FB78 /* CustomText.swift */ = {isa = PBXFileReference; lastKnownFileType = sourcecode.swift; path = CustomText.swift; sourceTree = "<group>"; };
		7F43BBD329751F350084FB78 /* Base */ = {isa = PBXFileReference; lastKnownFileType = file.storyboard; name = Base; path = Base.lproj/Doing.storyboard; sourceTree = "<group>"; };
		7F43BBD629751F3A0084FB78 /* ko */ = {isa = PBXFileReference; lastKnownFileType = text.plist.strings; name = ko; path = ko.lproj/Doing.strings; sourceTree = "<group>"; };
		7F43BBD829751F550084FB78 /* Base */ = {isa = PBXFileReference; lastKnownFileType = file.storyboard; name = Base; path = Base.lproj/CreateDid.storyboard; sourceTree = "<group>"; };
		7F43BBDB29751F630084FB78 /* ko */ = {isa = PBXFileReference; lastKnownFileType = text.plist.strings; name = ko; path = ko.lproj/CreateDid.strings; sourceTree = "<group>"; };
		7F43BBDD29753FE80084FB78 /* PrivacyPolicyViewController.swift */ = {isa = PBXFileReference; lastKnownFileType = sourcecode.swift; path = PrivacyPolicyViewController.swift; sourceTree = "<group>"; };
		7F43BBDF297671F50084FB78 /* PrivacyPolicyViewModel.swift */ = {isa = PBXFileReference; lastKnownFileType = sourcecode.swift; path = PrivacyPolicyViewModel.swift; sourceTree = "<group>"; };
		7F43BBE12976799F0084FB78 /* AboutFlowCoordinator.swift */ = {isa = PBXFileReference; lastKnownFileType = sourcecode.swift; path = AboutFlowCoordinator.swift; sourceTree = "<group>"; };
		7F43BBE329767D340084FB78 /* AboutRouter.swift */ = {isa = PBXFileReference; lastKnownFileType = sourcecode.swift; path = AboutRouter.swift; sourceTree = "<group>"; };
		7F4AA14D292471EE004CE62A /* SortingSupplementaryView.swift */ = {isa = PBXFileReference; lastKnownFileType = sourcecode.swift; path = SortingSupplementaryView.swift; sourceTree = "<group>"; };
		7F55E3FE294C08A0007B2706 /* CreateDidAlert.swift */ = {isa = PBXFileReference; lastKnownFileType = sourcecode.swift; path = CreateDidAlert.swift; sourceTree = "<group>"; };
		7F583F312914B73B006735AA /* DidTitleCell.swift */ = {isa = PBXFileReference; lastKnownFileType = sourcecode.swift; path = DidTitleCell.swift; sourceTree = "<group>"; };
		7F583F33291A61D2006735AA /* DidsOfDayItemViewModel.swift */ = {isa = PBXFileReference; lastKnownFileType = sourcecode.swift; path = DidsOfDayItemViewModel.swift; sourceTree = "<group>"; };
		7F5A69922968FC7A00062E2B /* DetaiDaylViewModelTests.swift */ = {isa = PBXFileReference; lastKnownFileType = sourcecode.swift; path = DetaiDaylViewModelTests.swift; sourceTree = "<group>"; };
		7F5A91C728E68CCF006B8406 /* Date+ToString.swift */ = {isa = PBXFileReference; lastKnownFileType = sourcecode.swift; path = "Date+ToString.swift"; sourceTree = "<group>"; };
		7F5ABAAA296F97FA002E509E /* BetaVersionMigration.swift */ = {isa = PBXFileReference; lastKnownFileType = sourcecode.swift; path = BetaVersionMigration.swift; sourceTree = "<group>"; };
		7F5ABAAC296FB81F002E509E /* BetaVersionMigrationTests.swift */ = {isa = PBXFileReference; lastKnownFileType = sourcecode.swift; path = BetaVersionMigrationTests.swift; sourceTree = "<group>"; };
		7F61A03B294439A80084A3F6 /* UIView+animateToShake.swift */ = {isa = PBXFileReference; lastKnownFileType = sourcecode.swift; path = "UIView+animateToShake.swift"; sourceTree = "<group>"; };
		7F666DB129BACC6100D32E29 /* UIViewPreview.swift */ = {isa = PBXFileReference; lastKnownFileType = sourcecode.swift; path = UIViewPreview.swift; sourceTree = "<group>"; };
		7F666DB429BAD01400D32E29 /* DidDetailsView.swift */ = {isa = PBXFileReference; lastKnownFileType = sourcecode.swift; path = DidDetailsView.swift; sourceTree = "<group>"; };
		7F6EF3AE29A744AE002B5970 /* CalendarViewModelTests.swift */ = {isa = PBXFileReference; lastKnownFileType = sourcecode.swift; path = CalendarViewModelTests.swift; sourceTree = "<group>"; };
		7F71192A290B95FB001DFE99 /* UIColor+GradientEffect.swift */ = {isa = PBXFileReference; lastKnownFileType = sourcecode.swift; path = "UIColor+GradientEffect.swift"; sourceTree = "<group>"; };
		7F71192C290BBC8B001DFE99 /* CalendarViewModel.swift */ = {isa = PBXFileReference; lastKnownFileType = sourcecode.swift; path = CalendarViewModel.swift; sourceTree = "<group>"; };
		7F80EBC628D3245500781DB4 /* MainViewModel.swift */ = {isa = PBXFileReference; lastKnownFileType = sourcecode.swift; path = MainViewModel.swift; sourceTree = "<group>"; };
		7F80EBC828D334A000781DB4 /* MainViewModelTests.swift */ = {isa = PBXFileReference; lastKnownFileType = sourcecode.swift; path = MainViewModelTests.swift; sourceTree = "<group>"; };
		7F80EBCA28D4102500781DB4 /* DidItemsViewModel.swift */ = {isa = PBXFileReference; lastKnownFileType = sourcecode.swift; path = DidItemsViewModel.swift; sourceTree = "<group>"; };
		7F850C602961AEC80083522A /* ParentUIViewController.swift */ = {isa = PBXFileReference; lastKnownFileType = sourcecode.swift; path = ParentUIViewController.swift; sourceTree = "<group>"; };
		7F850CB3296509820083522A /* AuthorizationManager.swift */ = {isa = PBXFileReference; lastKnownFileType = sourcecode.swift; path = AuthorizationManager.swift; sourceTree = "<group>"; };
		7F850CB52965130E0083522A /* UserNotificationManager.swift */ = {isa = PBXFileReference; lastKnownFileType = sourcecode.swift; path = UserNotificationManager.swift; sourceTree = "<group>"; };
		7F850CB729651EE00083522A /* DayIsChangedNotification.swift */ = {isa = PBXFileReference; lastKnownFileType = sourcecode.swift; path = DayIsChangedNotification.swift; sourceTree = "<group>"; };
		7F850CBA29655C2E0083522A /* DetailDayViewController.swift */ = {isa = PBXFileReference; lastKnownFileType = sourcecode.swift; path = DetailDayViewController.swift; sourceTree = "<group>"; };
		7F850CC12966B6540083522A /* DidListCollectionViewController.swift */ = {isa = PBXFileReference; lastKnownFileType = sourcecode.swift; path = DidListCollectionViewController.swift; sourceTree = "<group>"; };
		7F9C0B9D293DAA8C0094C2A5 /* TimerAlert.swift */ = {isa = PBXFileReference; lastKnownFileType = sourcecode.swift; path = TimerAlert.swift; sourceTree = "<group>"; };
		7F9C0B9F293DC1BA0094C2A5 /* Double+ToStringOfTimer.swift */ = {isa = PBXFileReference; lastKnownFileType = sourcecode.swift; path = "Double+ToStringOfTimer.swift"; sourceTree = "<group>"; };
		7FA3118E29B3324800A4C5DE /* FetchDidUseCase.swift */ = {isa = PBXFileReference; lastKnownFileType = sourcecode.swift; path = FetchDidUseCase.swift; sourceTree = "<group>"; };
		7FA3119029B4211100A4C5DE /* FetchDidUseCaseTests.swift */ = {isa = PBXFileReference; lastKnownFileType = sourcecode.swift; path = FetchDidUseCaseTests.swift; sourceTree = "<group>"; };
		7FA3119229B43A1500A4C5DE /* CreateDidUseCase.swift */ = {isa = PBXFileReference; lastKnownFileType = sourcecode.swift; path = CreateDidUseCase.swift; sourceTree = "<group>"; };
		7FA3119429B43C2700A4C5DE /* CreateDidUseCaseTests.swift */ = {isa = PBXFileReference; lastKnownFileType = sourcecode.swift; path = CreateDidUseCaseTests.swift; sourceTree = "<group>"; };
		7FA60AE828D6FB7A0098F3D2 /* MainViewControllerTests.swift */ = {isa = PBXFileReference; lastKnownFileType = sourcecode.swift; path = MainViewControllerTests.swift; sourceTree = "<group>"; };
		7FAD0FFB2990C4B2009E452E /* UIColor+IsDark.swift */ = {isa = PBXFileReference; lastKnownFileType = sourcecode.swift; path = "UIColor+IsDark.swift"; sourceTree = "<group>"; };
		7FB3345C2953E58000E9FB88 /* AboutViewController.swift */ = {isa = PBXFileReference; lastKnownFileType = sourcecode.swift; path = AboutViewController.swift; sourceTree = "<group>"; };
		7FB3345E2953E5FC00E9FB88 /* AboutViewModel.swift */ = {isa = PBXFileReference; lastKnownFileType = sourcecode.swift; path = AboutViewModel.swift; sourceTree = "<group>"; };
		7FB6A8CA28DAF529009C61C5 /* CreateDidViewModelTests.swift */ = {isa = PBXFileReference; lastKnownFileType = sourcecode.swift; path = CreateDidViewModelTests.swift; sourceTree = "<group>"; };
		7FB6A8CE28DB00E3009C61C5 /* CreateDidViewControllerTests.swift */ = {isa = PBXFileReference; lastKnownFileType = sourcecode.swift; path = CreateDidViewControllerTests.swift; sourceTree = "<group>"; };
		7FB6A8D128DD5C04009C61C5 /* ManagedDidItem+CoreDataClass.swift */ = {isa = PBXFileReference; lastKnownFileType = sourcecode.swift; path = "ManagedDidItem+CoreDataClass.swift"; sourceTree = "<group>"; };
		7FB6A8D228DD5C04009C61C5 /* ManagedDidItem+CoreDataProperties.swift */ = {isa = PBXFileReference; lastKnownFileType = sourcecode.swift; path = "ManagedDidItem+CoreDataProperties.swift"; sourceTree = "<group>"; };
		7FB6A8D528DD89E5009C61C5 /* Date+DifferenceToString.swift */ = {isa = PBXFileReference; lastKnownFileType = sourcecode.swift; path = "Date+DifferenceToString.swift"; sourceTree = "<group>"; };
		7FB6A8D728DD9B13009C61C5 /* TotalDidsCell.swift */ = {isa = PBXFileReference; lastKnownFileType = sourcecode.swift; path = TotalDidsCell.swift; sourceTree = "<group>"; };
		7FB6A8D928DDC2C4009C61C5 /* Date+GetHoursAndMinutes.swift */ = {isa = PBXFileReference; lastKnownFileType = sourcecode.swift; path = "Date+GetHoursAndMinutes.swift"; sourceTree = "<group>"; };
		7FB6A92228E07BE4009C61C5 /* DayLabel.swift */ = {isa = PBXFileReference; lastKnownFileType = sourcecode.swift; path = DayLabel.swift; sourceTree = "<group>"; };
		7FB6A92428E07BED009C61C5 /* MonthLabel.swift */ = {isa = PBXFileReference; lastKnownFileType = sourcecode.swift; path = MonthLabel.swift; sourceTree = "<group>"; };
		7FC115A129386B930056237A /* DoingViewModel.swift */ = {isa = PBXFileReference; lastKnownFileType = sourcecode.swift; path = DoingViewModel.swift; sourceTree = "<group>"; };
		7FC115A4293875510056237A /* DoingViewModelTests.swift */ = {isa = PBXFileReference; lastKnownFileType = sourcecode.swift; path = DoingViewModelTests.swift; sourceTree = "<group>"; };
		7FC115A62939EAF50056237A /* DoingViewController.swift */ = {isa = PBXFileReference; lastKnownFileType = sourcecode.swift; path = DoingViewController.swift; sourceTree = "<group>"; };
		7FC22B6228C88AA500F83122 /* DataModel.xcdatamodel */ = {isa = PBXFileReference; lastKnownFileType = wrapper.xcdatamodel; path = DataModel.xcdatamodel; sourceTree = "<group>"; };
		7FC22B6828C9C0E500F83122 /* Did.swift */ = {isa = PBXFileReference; lastKnownFileType = sourcecode.swift; path = Did.swift; sourceTree = "<group>"; };
		7FC22B6B28C9C9E900F83122 /* DidCoreDataStorage.swift */ = {isa = PBXFileReference; lastKnownFileType = sourcecode.swift; path = DidCoreDataStorage.swift; sourceTree = "<group>"; };
		7FC22B6E28CB137E00F83122 /* DidCoreDataStorageTests.swift */ = {isa = PBXFileReference; lastKnownFileType = sourcecode.swift; path = DidCoreDataStorageTests.swift; sourceTree = "<group>"; };
		7FC22B7428CB145300F83122 /* DidTodayUIKitTests.xctest */ = {isa = PBXFileReference; explicitFileType = wrapper.cfbundle; includeInIndex = 0; path = DidTodayUIKitTests.xctest; sourceTree = BUILT_PRODUCTS_DIR; };
		7FC22B7E28CB232600F83122 /* Seeds.swift */ = {isa = PBXFileReference; lastKnownFileType = sourcecode.swift; path = Seeds.swift; sourceTree = "<group>"; };
		7FC22BB728CDE19300F83122 /* MainViewController.swift */ = {isa = PBXFileReference; lastKnownFileType = sourcecode.swift; path = MainViewController.swift; sourceTree = "<group>"; };
		7FC22BB928D0547500F83122 /* DidCell.swift */ = {isa = PBXFileReference; lastKnownFileType = sourcecode.swift; path = DidCell.swift; sourceTree = "<group>"; };
		7FC580A228D1A201008086FD /* PieView.swift */ = {isa = PBXFileReference; lastKnownFileType = sourcecode.swift; path = PieView.swift; sourceTree = "<group>"; };
		7FD2B04B2909161A0048408F /* StoryboardName.swift */ = {isa = PBXFileReference; lastKnownFileType = sourcecode.swift; path = StoryboardName.swift; sourceTree = "<group>"; };
		7FDC19392977A26500117963 /* AboutViewModelTests.swift */ = {isa = PBXFileReference; lastKnownFileType = sourcecode.swift; path = AboutViewModelTests.swift; sourceTree = "<group>"; };
		7FDD406A29AC782100C1B656 /* MainAlert.swift */ = {isa = PBXFileReference; lastKnownFileType = sourcecode.swift; path = MainAlert.swift; sourceTree = "<group>"; };
		7FE4C06E294852020048F24E /* UIColor+GetRGB.swift */ = {isa = PBXFileReference; lastKnownFileType = sourcecode.swift; path = "UIColor+GetRGB.swift"; sourceTree = "<group>"; };
		7FEB005F29595D120073B90C /* DetailDidSupplementaryView.swift */ = {isa = PBXFileReference; lastKnownFileType = sourcecode.swift; path = DetailDidSupplementaryView.swift; sourceTree = "<group>"; };
		7FEB0063295C242D0073B90C /* UIView+Animate To Hide.swift */ = {isa = PBXFileReference; lastKnownFileType = sourcecode.swift; path = "UIView+Animate To Hide.swift"; sourceTree = "<group>"; };
		7FF48C2A2921F4F600387FE7 /* UIView+Shadow Effect.swift */ = {isa = PBXFileReference; lastKnownFileType = sourcecode.swift; path = "UIView+Shadow Effect.swift"; sourceTree = "<group>"; };
		7FF48C2C2922085A00387FE7 /* UIView+Corner Radius.swift */ = {isa = PBXFileReference; lastKnownFileType = sourcecode.swift; path = "UIView+Corner Radius.swift"; sourceTree = "<group>"; };
		7FF770B02955625400A665B5 /* AboutCell.swift */ = {isa = PBXFileReference; lastKnownFileType = sourcecode.swift; path = AboutCell.swift; sourceTree = "<group>"; };
		7FF770B329557ED500A665B5 /* AboutDid.swift */ = {isa = PBXFileReference; lastKnownFileType = sourcecode.swift; path = AboutDid.swift; sourceTree = "<group>"; };
		ADA015A5697AC9D46CCADCEC /* Pods_DidTodayUIKit_DidTodayUIKitUITests.framework */ = {isa = PBXFileReference; explicitFileType = wrapper.framework; includeInIndex = 0; path = Pods_DidTodayUIKit_DidTodayUIKitUITests.framework; sourceTree = BUILT_PRODUCTS_DIR; };
		D52ECED48532DF52D0291955 /* Pods_DidTodayUIKit.framework */ = {isa = PBXFileReference; explicitFileType = wrapper.framework; includeInIndex = 0; path = Pods_DidTodayUIKit.framework; sourceTree = BUILT_PRODUCTS_DIR; };
/* End PBXFileReference section */

/* Begin PBXFrameworksBuildPhase section */
		504CE03B253FDFAA000CC6CF /* Frameworks */ = {
			isa = PBXFrameworksBuildPhase;
			buildActionMask = 2147483647;
			files = (
				7F9B3FBA29B9F06700C8A3D0 /* PinLayout in Frameworks */,
				7F9B3FC229B9F47600C8A3D0 /* FlexLayoutYogaKit in Frameworks */,
				7F583F2D2910EE90006735AA /* HorizonCalendar in Frameworks */,
				7F9B3FB729B9F01900C8A3D0 /* FlexLayout in Frameworks */,
				7F9B3FC029B9F47600C8A3D0 /* FlexLayoutYoga in Frameworks */,
			);
			runOnlyForDeploymentPostprocessing = 0;
		};
		7FC22B7128CB145300F83122 /* Frameworks */ = {
			isa = PBXFrameworksBuildPhase;
			buildActionMask = 2147483647;
			files = (
			);
			runOnlyForDeploymentPostprocessing = 0;
		};
/* End PBXFrameworksBuildPhase section */

/* Begin PBXGroup section */
		504CE035253FDFA9000CC6CF = {
			isa = PBXGroup;
			children = (
				504CE040253FDFAA000CC6CF /* DidTodayUIKit */,
				7FC22B7528CB145300F83122 /* DidTodayUIKitTests */,
				504CE03F253FDFAA000CC6CF /* Products */,
				DAB2CA619C78ADD98AADD0EB /* Frameworks */,
			);
			sourceTree = "<group>";
		};
		504CE03F253FDFAA000CC6CF /* Products */ = {
			isa = PBXGroup;
			children = (
				504CE03E253FDFAA000CC6CF /* DidTodayUIKit.app */,
				7FC22B7428CB145300F83122 /* DidTodayUIKitTests.xctest */,
			);
			name = Products;
			sourceTree = "<group>";
		};
		504CE040253FDFAA000CC6CF /* DidTodayUIKit */ = {
			isa = PBXGroup;
			children = (
				7FC22B5828C71AE400F83122 /* Sources */,
				7FC22B5F28C76D0A00F83122 /* Resources */,
				7FC22B5E28C76CBD00F83122 /* Supportings */,
			);
			path = DidTodayUIKit;
			sourceTree = "<group>";
		};
		7F0BECFD295171C400C0CF1C /* Coordinator */ = {
			isa = PBXGroup;
			children = (
				7F0BECFE295171E500C0CF1C /* Coordinator.swift */,
				7F133C622907C66A0099E55C /* MainFlowCoordinator.swift */,
				7F10CF7B2967AF7F00EAADF2 /* CalendarFlowCoordinator.swift */,
				7F0BECFB2951644B00C0CF1C /* DoingFlowCoordinator.swift */,
				7F43BBE12976799F0084FB78 /* AboutFlowCoordinator.swift */,
			);
			path = Coordinator;
			sourceTree = "<group>";
		};
		7F133C45290364300099E55C /* Calendar */ = {
			isa = PBXGroup;
			children = (
				7FF770B7295888AA00A665B5 /* ViewModel */,
				7FB6A92128E07BC4009C61C5 /* Calendar */,
				7F583F2E2912ADF6006735AA /* Cells and Supplementary Views */,
				7F133C46290365460099E55C /* CalendarViewController.swift */,
				7F10CF7D2967C3D400EAADF2 /* CalendarRouter.swift */,
			);
			path = Calendar;
			sourceTree = "<group>";
		};
		7F397A6428D709D3000F89E2 /* Main */ = {
			isa = PBXGroup;
			children = (
				7FA60AE828D6FB7A0098F3D2 /* MainViewControllerTests.swift */,
				7F80EBC828D334A000781DB4 /* MainViewModelTests.swift */,
			);
			path = Main;
			sourceTree = "<group>";
		};
		7F397A7028D82FF4000F89E2 /* CreateDid */ = {
			isa = PBXGroup;
			children = (
				7F43BBD929751F550084FB78 /* CreateDid.storyboard */,
				7F397A6728D71E74000F89E2 /* CreateDidViewController.swift */,
				7F397A7128D83021000F89E2 /* CreateDidViewModel.swift */,
				7F55E3FE294C08A0007B2706 /* CreateDidAlert.swift */,
			);
			path = CreateDid;
			sourceTree = "<group>";
		};
		7F43BBDC29753FCC0084FB78 /* PrivacyPolicy */ = {
			isa = PBXGroup;
			children = (
				7F43BBDD29753FE80084FB78 /* PrivacyPolicyViewController.swift */,
				7F43BBDF297671F50084FB78 /* PrivacyPolicyViewModel.swift */,
			);
			path = PrivacyPolicy;
			sourceTree = "<group>";
		};
		7F4AA14A29235C03004CE62A /* Cells and Supplementary Views */ = {
			isa = PBXGroup;
			children = (
				7FB6A8D728DD9B13009C61C5 /* TotalDidsCell.swift */,
				7FC22BB928D0547500F83122 /* DidCell.swift */,
				7F4AA14D292471EE004CE62A /* SortingSupplementaryView.swift */,
			);
			path = "Cells and Supplementary Views";
			sourceTree = "<group>";
		};
		7F583F2E2912ADF6006735AA /* Cells and Supplementary Views */ = {
			isa = PBXGroup;
			children = (
				7F583F312914B73B006735AA /* DidTitleCell.swift */,
				7FEB005F29595D120073B90C /* DetailDidSupplementaryView.swift */,
			);
			path = "Cells and Supplementary Views";
			sourceTree = "<group>";
		};
		7F5A69912968FC5700062E2B /* DetailDay */ = {
			isa = PBXGroup;
			children = (
				7F5A69922968FC7A00062E2B /* DetaiDaylViewModelTests.swift */,
			);
			path = DetailDay;
			sourceTree = "<group>";
		};
		7F5A91C628E68CA7006B8406 /* Date+Extensions */ = {
			isa = PBXGroup;
			children = (
				7F397A7328D86EF1000F89E2 /* Date+ToDouble.swift */,
				7FB6A8D528DD89E5009C61C5 /* Date+DifferenceToString.swift */,
				7FB6A8D928DDC2C4009C61C5 /* Date+GetHoursAndMinutes.swift */,
				7F5A91C728E68CCF006B8406 /* Date+ToString.swift */,
				7F076FC1290FC25500DF4EDC /* Date+OmittedTime.swift */,
			);
			path = "Date+Extensions";
			sourceTree = "<group>";
		};
		7F61A039294438A50084A3F6 /* UIView+Extensions */ = {
			isa = PBXGroup;
			children = (
				7FF48C2A2921F4F600387FE7 /* UIView+Shadow Effect.swift */,
				7FF48C2C2922085A00387FE7 /* UIView+Corner Radius.swift */,
				7F0B97BA292C7ACA0071DF98 /* UIView+Border.swift */,
				7F61A03B294439A80084A3F6 /* UIView+animateToShake.swift */,
				7FEB0063295C242D0073B90C /* UIView+Animate To Hide.swift */,
			);
			path = "UIView+Extensions";
			sourceTree = "<group>";
		};
		7F61A03A294438E10084A3F6 /* Extensions */ = {
			isa = PBXGroup;
			children = (
				7F9C0B9F293DC1BA0094C2A5 /* Double+ToStringOfTimer.swift */,
				7F5A91C628E68CA7006B8406 /* Date+Extensions */,
				7F61A039294438A50084A3F6 /* UIView+Extensions */,
				7FE4C06D29481F6E0048F24E /* UIColor+Extensions */,
				7F11B6122987D0BE001F879F /* TimeInterval+Times.swift */,
			);
			path = Extensions;
			sourceTree = "<group>";
		};
		7F666DB329BAD00100D32E29 /* DidDetails */ = {
			isa = PBXGroup;
			children = (
				7F666DB429BAD01400D32E29 /* DidDetailsView.swift */,
			);
			path = DidDetails;
			sourceTree = "<group>";
		};
		7F850C5F2961A3490083522A /* ViewModel */ = {
			isa = PBXGroup;
			children = (
				7F80EBC628D3245500781DB4 /* MainViewModel.swift */,
			);
			path = ViewModel;
			sourceTree = "<group>";
		};
		7F850CB929655C100083522A /* Detail Day */ = {
			isa = PBXGroup;
			children = (
				7F850CBA29655C2E0083522A /* DetailDayViewController.swift */,
				7F10CF7929679E1B00EAADF2 /* DetailDayViewModel.swift */,
			);
			path = "Detail Day";
			sourceTree = "<group>";
		};
		7F850CC32966D1920083522A /* Did List Collection */ = {
			isa = PBXGroup;
			children = (
				7F4AA14A29235C03004CE62A /* Cells and Supplementary Views */,
				7F850CC12966B6540083522A /* DidListCollectionViewController.swift */,
				7F135C3F2925FF33005156E0 /* TotalOfDidsViewModel.swift */,
				7F80EBCA28D4102500781DB4 /* DidItemsViewModel.swift */,
			);
			path = "Did List Collection";
			sourceTree = "<group>";
		};
		7FA3118D29B3322F00A4C5DE /* UseCases */ = {
			isa = PBXGroup;
			children = (
				7FA3118E29B3324800A4C5DE /* FetchDidUseCase.swift */,
				7FA3119229B43A1500A4C5DE /* CreateDidUseCase.swift */,
			);
			path = UseCases;
			sourceTree = "<group>";
		};
		7FA3119629B4450700A4C5DE /* UseCases */ = {
			isa = PBXGroup;
			children = (
				7FA3119029B4211100A4C5DE /* FetchDidUseCaseTests.swift */,
				7FA3119429B43C2700A4C5DE /* CreateDidUseCaseTests.swift */,
			);
			path = UseCases;
			sourceTree = "<group>";
		};
		7FA3119729B4454500A4C5DE /* About */ = {
			isa = PBXGroup;
			children = (
				7FDC19392977A26500117963 /* AboutViewModelTests.swift */,
			);
			path = About;
			sourceTree = "<group>";
		};
		7FA3119829B4454F00A4C5DE /* Calendar */ = {
			isa = PBXGroup;
			children = (
				7F6EF3AE29A744AE002B5970 /* CalendarViewModelTests.swift */,
			);
			path = Calendar;
			sourceTree = "<group>";
		};
		7FA3119929B4456900A4C5DE /* Scenes */ = {
			isa = PBXGroup;
			children = (
				7F397A6428D709D3000F89E2 /* Main */,
				7FB6A8C928DAF514009C61C5 /* CreateDid */,
				7FC115A3293875370056237A /* Doing */,
				7FA3119829B4454F00A4C5DE /* Calendar */,
				7F5A69912968FC5700062E2B /* DetailDay */,
				7FA3119729B4454500A4C5DE /* About */,
			);
			path = Scenes;
			sourceTree = "<group>";
		};
		7FB3345B2953E36700E9FB88 /* About */ = {
			isa = PBXGroup;
			children = (
				7FB3345C2953E58000E9FB88 /* AboutViewController.swift */,
				7FF770B229557EA800A665B5 /* ViewModel */,
				7FF770AF2955621300A665B5 /* Cells */,
				7F43BBE329767D340084FB78 /* AboutRouter.swift */,
			);
			path = About;
			sourceTree = "<group>";
		};
		7FB6A8C928DAF514009C61C5 /* CreateDid */ = {
			isa = PBXGroup;
			children = (
				7FB6A8CA28DAF529009C61C5 /* CreateDidViewModelTests.swift */,
				7FB6A8CE28DB00E3009C61C5 /* CreateDidViewControllerTests.swift */,
			);
			path = CreateDid;
			sourceTree = "<group>";
		};
		7FB6A91F28E079ED009C61C5 /* Custom */ = {
			isa = PBXGroup;
			children = (
				7FC580A228D1A201008086FD /* PieView.swift */,
				7F0B97B6292B793F0071DF98 /* BoardLabel.swift */,
				7F0B97B8292C58060071DF98 /* NeumorphismButton.swift */,
			);
			path = Custom;
			sourceTree = "<group>";
		};
		7FB6A92128E07BC4009C61C5 /* Calendar */ = {
			isa = PBXGroup;
			children = (
				7FB6A92228E07BE4009C61C5 /* DayLabel.swift */,
				7FB6A92428E07BED009C61C5 /* MonthLabel.swift */,
			);
			path = Calendar;
			sourceTree = "<group>";
		};
		7FC11596293654400056237A /* Doing */ = {
			isa = PBXGroup;
			children = (
				7F43BBD429751F350084FB78 /* Doing.storyboard */,
				7F0C251B29419BAE00304A0D /* CircularLabel.swift */,
				7FC115A62939EAF50056237A /* DoingViewController.swift */,
				7FC115A129386B930056237A /* DoingViewModel.swift */,
				7F9C0B9D293DAA8C0094C2A5 /* TimerAlert.swift */,
				7F0BECF72950776C00C0CF1C /* DoingRouter.swift */,
				7F850CB729651EE00083522A /* DayIsChangedNotification.swift */,
			);
			path = Doing;
			sourceTree = "<group>";
		};
		7FC115A3293875370056237A /* Doing */ = {
			isa = PBXGroup;
			children = (
				7FC115A4293875510056237A /* DoingViewModelTests.swift */,
			);
			path = Doing;
			sourceTree = "<group>";
		};
		7FC22B5828C71AE400F83122 /* Sources */ = {
			isa = PBXGroup;
			children = (
				7FA3118D29B3322F00A4C5DE /* UseCases */,
				7F850CB3296509820083522A /* AuthorizationManager.swift */,
				7F850CB52965130E0083522A /* UserNotificationManager.swift */,
				7FC22B6028C88A3A00F83122 /* Services */,
				7FC22B5C28C7224000F83122 /* Entry */,
				7FC22B5D28C76C9A00F83122 /* Models */,
				7FC22B5928C71AEB00F83122 /* Scenes */,
				7FC22B5B28C71B1700F83122 /* Utils */,
			);
			path = Sources;
			sourceTree = "<group>";
		};
		7FC22B5928C71AEB00F83122 /* Scenes */ = {
			isa = PBXGroup;
			children = (
				7F666DB329BAD00100D32E29 /* DidDetails */,
				7FB6A91F28E079ED009C61C5 /* Custom */,
				7F850CC32966D1920083522A /* Did List Collection */,
				7FC22B5A28C71AF500F83122 /* Main */,
				7FC11596293654400056237A /* Doing */,
				7F397A7028D82FF4000F89E2 /* CreateDid */,
				7F133C45290364300099E55C /* Calendar */,
				7F850CB929655C100083522A /* Detail Day */,
				7FB3345B2953E36700E9FB88 /* About */,
				7F43BBDC29753FCC0084FB78 /* PrivacyPolicy */,
				7F850C602961AEC80083522A /* ParentUIViewController.swift */,
			);
			path = Scenes;
			sourceTree = "<group>";
		};
		7FC22B5A28C71AF500F83122 /* Main */ = {
			isa = PBXGroup;
			children = (
				7F850C5F2961A3490083522A /* ViewModel */,
				7FC22BB728CDE19300F83122 /* MainViewController.swift */,
				7F2C6CBD290A6EB3002963DE /* MainRouter.swift */,
				7FDD406A29AC782100C1B656 /* MainAlert.swift */,
			);
			path = Main;
			sourceTree = "<group>";
		};
		7FC22B5B28C71B1700F83122 /* Utils */ = {
			isa = PBXGroup;
			children = (
				7F666DB129BACC6100D32E29 /* UIViewPreview.swift */,
				7F133CA2290902EC0099E55C /* StoryboardInstantiable.swift */,
				50A450592564CFD500812F14 /* Localize.swift */,
				7F61A03A294438E10084A3F6 /* Extensions */,
				7FD2B04A2909158A0048408F /* Namespaces */,
			);
			path = Utils;
			sourceTree = "<group>";
		};
		7FC22B5C28C7224000F83122 /* Entry */ = {
			isa = PBXGroup;
			children = (
				504CE041253FDFAA000CC6CF /* AppDelegate.swift */,
				504CE043253FDFAA000CC6CF /* SceneDelegate.swift */,
				7F133C642907CC5A0099E55C /* SceneDIContainer.swift */,
				7F5ABAAA296F97FA002E509E /* BetaVersionMigration.swift */,
				7F0BECFD295171C400C0CF1C /* Coordinator */,
			);
			path = Entry;
			sourceTree = "<group>";
		};
		7FC22B5D28C76C9A00F83122 /* Models */ = {
			isa = PBXGroup;
			children = (
				7FB6A8D128DD5C04009C61C5 /* ManagedDidItem+CoreDataClass.swift */,
				7FB6A8D228DD5C04009C61C5 /* ManagedDidItem+CoreDataProperties.swift */,
				504CE0B3253FDFDF000CC6CF /* PreviousVersionModel.swift */,
				7FC22B6828C9C0E500F83122 /* Did.swift */,
			);
			path = Models;
			sourceTree = "<group>";
		};
		7FC22B5E28C76CBD00F83122 /* Supportings */ = {
			isa = PBXGroup;
			children = (
				504CE04F253FDFAE000CC6CF /* Info.plist */,
				504CE04C253FDFAE000CC6CF /* LaunchScreen.storyboard */,
				50A450522564CA8300812F14 /* Localizable.strings */,
				7FC22B6128C88AA500F83122 /* DataModel.xcdatamodeld */,
			);
			path = Supportings;
			sourceTree = "<group>";
		};
		7FC22B5F28C76D0A00F83122 /* Resources */ = {
			isa = PBXGroup;
			children = (
				504CE04A253FDFAE000CC6CF /* Assets.xcassets */,
			);
			path = Resources;
			sourceTree = "<group>";
		};
		7FC22B6028C88A3A00F83122 /* Services */ = {
			isa = PBXGroup;
			children = (
				7FC22B6A28C9C9C500F83122 /* CoreData */,
			);
			path = Services;
			sourceTree = "<group>";
		};
		7FC22B6A28C9C9C500F83122 /* CoreData */ = {
			isa = PBXGroup;
			children = (
				7FC22B6B28C9C9E900F83122 /* DidCoreDataStorage.swift */,
			);
			path = CoreData;
			sourceTree = "<group>";
		};
		7FC22B7528CB145300F83122 /* DidTodayUIKitTests */ = {
			isa = PBXGroup;
			children = (
				7FA3119629B4450700A4C5DE /* UseCases */,
				7FA3119929B4456900A4C5DE /* Scenes */,
				7FC22B6E28CB137E00F83122 /* DidCoreDataStorageTests.swift */,
				7F5ABAAC296FB81F002E509E /* BetaVersionMigrationTests.swift */,
				7FC22B7E28CB232600F83122 /* Seeds.swift */,
			);
			path = DidTodayUIKitTests;
			sourceTree = "<group>";
		};
		7FD2B04A2909158A0048408F /* Namespaces */ = {
			isa = PBXGroup;
			children = (
				7FD2B04B2909161A0048408F /* StoryboardName.swift */,
				7F43BBD02974D9A70084FB78 /* CustomText.swift */,
			);
			path = Namespaces;
			sourceTree = "<group>";
		};
		7FE4C06D29481F6E0048F24E /* UIColor+Extensions */ = {
			isa = PBXGroup;
			children = (
				7F133C5629063BF00099E55C /* UIColor+Custom.swift */,
				7F71192A290B95FB001DFE99 /* UIColor+GradientEffect.swift */,
				7FE4C06E294852020048F24E /* UIColor+GetRGB.swift */,
				7FAD0FFB2990C4B2009E452E /* UIColor+IsDark.swift */,
			);
			path = "UIColor+Extensions";
			sourceTree = "<group>";
		};
		7FF770AF2955621300A665B5 /* Cells */ = {
			isa = PBXGroup;
			children = (
				7FF770B02955625400A665B5 /* AboutCell.swift */,
			);
			path = Cells;
			sourceTree = "<group>";
		};
		7FF770B229557EA800A665B5 /* ViewModel */ = {
			isa = PBXGroup;
			children = (
				7FB3345E2953E5FC00E9FB88 /* AboutViewModel.swift */,
				7FF770B329557ED500A665B5 /* AboutDid.swift */,
			);
			path = ViewModel;
			sourceTree = "<group>";
		};
		7FF770B7295888AA00A665B5 /* ViewModel */ = {
			isa = PBXGroup;
			children = (
				7F71192C290BBC8B001DFE99 /* CalendarViewModel.swift */,
				7F583F33291A61D2006735AA /* DidsOfDayItemViewModel.swift */,
			);
			path = ViewModel;
			sourceTree = "<group>";
		};
		DAB2CA619C78ADD98AADD0EB /* Frameworks */ = {
			isa = PBXGroup;
			children = (
				D52ECED48532DF52D0291955 /* Pods_DidTodayUIKit.framework */,
				ADA015A5697AC9D46CCADCEC /* Pods_DidTodayUIKit_DidTodayUIKitUITests.framework */,
				49F50979A383AA3F51E8E15F /* Pods_DidTodayUIKitTests.framework */,
			);
			name = Frameworks;
			sourceTree = "<group>";
		};
/* End PBXGroup section */

/* Begin PBXNativeTarget section */
		504CE03D253FDFAA000CC6CF /* DidTodayUIKit */ = {
			isa = PBXNativeTarget;
			buildConfigurationList = 504CE068253FDFAE000CC6CF /* Build configuration list for PBXNativeTarget "DidTodayUIKit" */;
			buildPhases = (
				504CE03A253FDFAA000CC6CF /* Sources */,
				504CE03B253FDFAA000CC6CF /* Frameworks */,
				504CE03C253FDFAA000CC6CF /* Resources */,
			);
			buildRules = (
			);
			dependencies = (
			);
			name = DidTodayUIKit;
			packageProductDependencies = (
				7F583F2C2910EE90006735AA /* HorizonCalendar */,
				7F9B3FB629B9F01900C8A3D0 /* FlexLayout */,
				7F9B3FB929B9F06700C8A3D0 /* PinLayout */,
				7F9B3FBF29B9F47600C8A3D0 /* FlexLayoutYoga */,
				7F9B3FC129B9F47600C8A3D0 /* FlexLayoutYogaKit */,
			);
			productName = DidTodayUIKit;
			productReference = 504CE03E253FDFAA000CC6CF /* DidTodayUIKit.app */;
			productType = "com.apple.product-type.application";
		};
		7FC22B7328CB145300F83122 /* DidTodayUIKitTests */ = {
			isa = PBXNativeTarget;
			buildConfigurationList = 7FC22B7A28CB145300F83122 /* Build configuration list for PBXNativeTarget "DidTodayUIKitTests" */;
			buildPhases = (
				7FC22B7028CB145300F83122 /* Sources */,
				7FC22B7128CB145300F83122 /* Frameworks */,
				7FC22B7228CB145300F83122 /* Resources */,
			);
			buildRules = (
			);
			dependencies = (
				7FC22B7928CB145300F83122 /* PBXTargetDependency */,
			);
			name = DidTodayUIKitTests;
			productName = DidTodayUIKitTests;
			productReference = 7FC22B7428CB145300F83122 /* DidTodayUIKitTests.xctest */;
			productType = "com.apple.product-type.bundle.unit-test";
		};
/* End PBXNativeTarget section */

/* Begin PBXProject section */
		504CE036253FDFA9000CC6CF /* Project object */ = {
			isa = PBXProject;
			attributes = {
				LastSwiftUpdateCheck = 1340;
				LastUpgradeCheck = 1200;
				TargetAttributes = {
					504CE03D253FDFAA000CC6CF = {
						CreatedOnToolsVersion = 12.0.1;
					};
					7FC22B7328CB145300F83122 = {
						CreatedOnToolsVersion = 13.4.1;
						TestTargetID = 504CE03D253FDFAA000CC6CF;
					};
				};
			};
			buildConfigurationList = 504CE039253FDFA9000CC6CF /* Build configuration list for PBXProject "DidTodayUIKit" */;
			compatibilityVersion = "Xcode 9.3";
			developmentRegion = en;
			hasScannedForEncodings = 0;
			knownRegions = (
				en,
				Base,
				ko,
			);
			mainGroup = 504CE035253FDFA9000CC6CF;
			packageReferences = (
				7F583F2B2910EE90006735AA /* XCRemoteSwiftPackageReference "HorizonCalendar" */,
				7F9B3FB529B9F01900C8A3D0 /* XCRemoteSwiftPackageReference "FlexLayout" */,
				7F9B3FB829B9F06700C8A3D0 /* XCRemoteSwiftPackageReference "PinLayout" */,
			);
			productRefGroup = 504CE03F253FDFAA000CC6CF /* Products */;
			projectDirPath = "";
			projectRoot = "";
			targets = (
				504CE03D253FDFAA000CC6CF /* DidTodayUIKit */,
				7FC22B7328CB145300F83122 /* DidTodayUIKitTests */,
			);
		};
/* End PBXProject section */

/* Begin PBXResourcesBuildPhase section */
		504CE03C253FDFAA000CC6CF /* Resources */ = {
			isa = PBXResourcesBuildPhase;
			buildActionMask = 2147483647;
			files = (
				50A450502564CA8300812F14 /* Localizable.strings in Resources */,
				504CE04E253FDFAE000CC6CF /* LaunchScreen.storyboard in Resources */,
				7F43BBD229751F350084FB78 /* Doing.storyboard in Resources */,
				7F43BBD729751F550084FB78 /* CreateDid.storyboard in Resources */,
				504CE04B253FDFAE000CC6CF /* Assets.xcassets in Resources */,
			);
			runOnlyForDeploymentPostprocessing = 0;
		};
		7FC22B7228CB145300F83122 /* Resources */ = {
			isa = PBXResourcesBuildPhase;
			buildActionMask = 2147483647;
			files = (
			);
			runOnlyForDeploymentPostprocessing = 0;
		};
/* End PBXResourcesBuildPhase section */

/* Begin PBXSourcesBuildPhase section */
		504CE03A253FDFAA000CC6CF /* Sources */ = {
			isa = PBXSourcesBuildPhase;
			buildActionMask = 2147483647;
			files = (
				7F43BBE429767D340084FB78 /* AboutRouter.swift in Sources */,
				7F397A7228D83021000F89E2 /* CreateDidViewModel.swift in Sources */,
				7F43BBE0297671F50084FB78 /* PrivacyPolicyViewModel.swift in Sources */,
				50A4505A2564CFD500812F14 /* Localize.swift in Sources */,
				7F133C652907CC5A0099E55C /* SceneDIContainer.swift in Sources */,
				7FB3345F2953E5FC00E9FB88 /* AboutViewModel.swift in Sources */,
				7F583F322914B73B006735AA /* DidTitleCell.swift in Sources */,
				7FE4C06F294852020048F24E /* UIColor+GetRGB.swift in Sources */,
				7F0B97BB292C7ACA0071DF98 /* UIView+Border.swift in Sources */,
				7FB6A8DA28DDC2C4009C61C5 /* Date+GetHoursAndMinutes.swift in Sources */,
				7FF770B429557ED500A665B5 /* AboutDid.swift in Sources */,
				7F43BBDE29753FE80084FB78 /* PrivacyPolicyViewController.swift in Sources */,
				7FF48C2D2922085A00387FE7 /* UIView+Corner Radius.swift in Sources */,
				7F0C251C29419BAE00304A0D /* CircularLabel.swift in Sources */,
				7FC580A328D1A201008086FD /* PieView.swift in Sources */,
				7F0BECFC2951644B00C0CF1C /* DoingFlowCoordinator.swift in Sources */,
				7F397A6828D71E74000F89E2 /* CreateDidViewController.swift in Sources */,
				7F850CB62965130E0083522A /* UserNotificationManager.swift in Sources */,
				7F55E3FF294C08A0007B2706 /* CreateDidAlert.swift in Sources */,
				7FA3119329B43A1500A4C5DE /* CreateDidUseCase.swift in Sources */,
				7F850CC22966B6540083522A /* DidListCollectionViewController.swift in Sources */,
				7FB6A8D628DD89E5009C61C5 /* Date+DifferenceToString.swift in Sources */,
				7F80EBCB28D4102500781DB4 /* DidItemsViewModel.swift in Sources */,
				7F43BBD12974D9A70084FB78 /* CustomText.swift in Sources */,
				7FEB0064295C242D0073B90C /* UIView+Animate To Hide.swift in Sources */,
				7F666DB229BACC6100D32E29 /* UIViewPreview.swift in Sources */,
				7FC22BB828CDE19300F83122 /* MainViewController.swift in Sources */,
				7F0B97B9292C58060071DF98 /* NeumorphismButton.swift in Sources */,
				7FD2B04C2909161A0048408F /* StoryboardName.swift in Sources */,
				7F9C0BA0293DC1BA0094C2A5 /* Double+ToStringOfTimer.swift in Sources */,
				7F11B6132987D0BE001F879F /* TimeInterval+Times.swift in Sources */,
				7F0BECFF295171E500C0CF1C /* Coordinator.swift in Sources */,
				7F0B97B7292B793F0071DF98 /* BoardLabel.swift in Sources */,
				7FC22B6928C9C0E500F83122 /* Did.swift in Sources */,
				7F133C47290365460099E55C /* CalendarViewController.swift in Sources */,
				7F850CB829651EE00083522A /* DayIsChangedNotification.swift in Sources */,
				7F80EBC728D3245500781DB4 /* MainViewModel.swift in Sources */,
				7F5ABAAB296F97FA002E509E /* BetaVersionMigration.swift in Sources */,
				7FC22B6C28C9C9E900F83122 /* DidCoreDataStorage.swift in Sources */,
				7FB6A8D428DD5C04009C61C5 /* ManagedDidItem+CoreDataProperties.swift in Sources */,
				7F583F34291A61D2006735AA /* DidsOfDayItemViewModel.swift in Sources */,
				7F850CB4296509820083522A /* AuthorizationManager.swift in Sources */,
				7FC22BBA28D0547500F83122 /* DidCell.swift in Sources */,
				7FAD0FFC2990C4B2009E452E /* UIColor+IsDark.swift in Sources */,
				504CE042253FDFAA000CC6CF /* AppDelegate.swift in Sources */,
				7FA3118F29B3324800A4C5DE /* FetchDidUseCase.swift in Sources */,
				7FB6A92528E07BED009C61C5 /* MonthLabel.swift in Sources */,
				7FB6A92328E07BE4009C61C5 /* DayLabel.swift in Sources */,
				7F43BBE22976799F0084FB78 /* AboutFlowCoordinator.swift in Sources */,
				7F10CF7A29679E1B00EAADF2 /* DetailDayViewModel.swift in Sources */,
				7FC115A72939EAF50056237A /* DoingViewController.swift in Sources */,
				7FB6A8D328DD5C04009C61C5 /* ManagedDidItem+CoreDataClass.swift in Sources */,
				7F397A7428D86EF1000F89E2 /* Date+ToDouble.swift in Sources */,
				7F076FC2290FC25500DF4EDC /* Date+OmittedTime.swift in Sources */,
				7FF770B12955625400A665B5 /* AboutCell.swift in Sources */,
				7F10CF7E2967C3D400EAADF2 /* CalendarRouter.swift in Sources */,
				7F61A03C294439A80084A3F6 /* UIView+animateToShake.swift in Sources */,
				7F850C612961AEC80083522A /* ParentUIViewController.swift in Sources */,
				7F71192D290BBC8B001DFE99 /* CalendarViewModel.swift in Sources */,
				7F135C402925FF33005156E0 /* TotalOfDidsViewModel.swift in Sources */,
				7F850CBB29655C2E0083522A /* DetailDayViewController.swift in Sources */,
				7FC22B6328C88AA500F83122 /* DataModel.xcdatamodeld in Sources */,
				7F2C6CBE290A6EB3002963DE /* MainRouter.swift in Sources */,
				7F9C0B9E293DAA8C0094C2A5 /* TimerAlert.swift in Sources */,
				7F71192B290B95FB001DFE99 /* UIColor+GradientEffect.swift in Sources */,
				7F4AA14E292471EE004CE62A /* SortingSupplementaryView.swift in Sources */,
				7F133C5729063BF00099E55C /* UIColor+Custom.swift in Sources */,
				504CE044253FDFAA000CC6CF /* SceneDelegate.swift in Sources */,
				7F0BECF82950776C00C0CF1C /* DoingRouter.swift in Sources */,
				7FB6A8D828DD9B13009C61C5 /* TotalDidsCell.swift in Sources */,
				7FF48C2B2921F4F600387FE7 /* UIView+Shadow Effect.swift in Sources */,
				7FEB006029595D120073B90C /* DetailDidSupplementaryView.swift in Sources */,
				7F133C632907C66A0099E55C /* MainFlowCoordinator.swift in Sources */,
				7FC115A229386B930056237A /* DoingViewModel.swift in Sources */,
				7F10CF7C2967AF7F00EAADF2 /* CalendarFlowCoordinator.swift in Sources */,
				7F666DB529BAD01400D32E29 /* DidDetailsView.swift in Sources */,
				504CE0B4253FDFDF000CC6CF /* PreviousVersionModel.swift in Sources */,
				7F133CA3290902EC0099E55C /* StoryboardInstantiable.swift in Sources */,
				7F5A91C828E68CCF006B8406 /* Date+ToString.swift in Sources */,
				7FDD406B29AC782100C1B656 /* MainAlert.swift in Sources */,
				7FB3345D2953E58000E9FB88 /* AboutViewController.swift in Sources */,
			);
			runOnlyForDeploymentPostprocessing = 0;
		};
		7FC22B7028CB145300F83122 /* Sources */ = {
			isa = PBXSourcesBuildPhase;
			buildActionMask = 2147483647;
			files = (
				7F80EBC928D334A000781DB4 /* MainViewModelTests.swift in Sources */,
				7FA3119129B4211100A4C5DE /* FetchDidUseCaseTests.swift in Sources */,
				7FC22B7D28CB145D00F83122 /* DidCoreDataStorageTests.swift in Sources */,
				7FB6A8CF28DB00E3009C61C5 /* CreateDidViewControllerTests.swift in Sources */,
				7F5A69932968FC7A00062E2B /* DetaiDaylViewModelTests.swift in Sources */,
				7FDC193A2977A26500117963 /* AboutViewModelTests.swift in Sources */,
				7F6EF3AF29A744AE002B5970 /* CalendarViewModelTests.swift in Sources */,
				7FC22B7F28CB232600F83122 /* Seeds.swift in Sources */,
				7FC115A5293875510056237A /* DoingViewModelTests.swift in Sources */,
				7FB6A8CB28DAF529009C61C5 /* CreateDidViewModelTests.swift in Sources */,
				7F5ABAAD296FB81F002E509E /* BetaVersionMigrationTests.swift in Sources */,
				7FA3119529B43C2700A4C5DE /* CreateDidUseCaseTests.swift in Sources */,
				7FA60AE928D6FB7A0098F3D2 /* MainViewControllerTests.swift in Sources */,
			);
			runOnlyForDeploymentPostprocessing = 0;
		};
/* End PBXSourcesBuildPhase section */

/* Begin PBXTargetDependency section */
		7FC22B7928CB145300F83122 /* PBXTargetDependency */ = {
			isa = PBXTargetDependency;
			target = 504CE03D253FDFAA000CC6CF /* DidTodayUIKit */;
			targetProxy = 7FC22B7828CB145300F83122 /* PBXContainerItemProxy */;
		};
/* End PBXTargetDependency section */

/* Begin PBXVariantGroup section */
		504CE04C253FDFAE000CC6CF /* LaunchScreen.storyboard */ = {
			isa = PBXVariantGroup;
			children = (
				504CE04D253FDFAE000CC6CF /* Base */,
				50A450542564CAFB00812F14 /* ko */,
			);
			name = LaunchScreen.storyboard;
			sourceTree = "<group>";
		};
		50A450522564CA8300812F14 /* Localizable.strings */ = {
			isa = PBXVariantGroup;
			children = (
				50A450512564CA8300812F14 /* en */,
				50A450552564CAFD00812F14 /* ko */,
			);
			name = Localizable.strings;
			sourceTree = "<group>";
		};
		7F43BBD429751F350084FB78 /* Doing.storyboard */ = {
			isa = PBXVariantGroup;
			children = (
				7F43BBD329751F350084FB78 /* Base */,
				7F43BBD629751F3A0084FB78 /* ko */,
			);
			name = Doing.storyboard;
			sourceTree = "<group>";
		};
		7F43BBD929751F550084FB78 /* CreateDid.storyboard */ = {
			isa = PBXVariantGroup;
			children = (
				7F43BBD829751F550084FB78 /* Base */,
				7F43BBDB29751F630084FB78 /* ko */,
			);
			name = CreateDid.storyboard;
			sourceTree = "<group>";
		};
/* End PBXVariantGroup section */

/* Begin XCBuildConfiguration section */
		504CE066253FDFAE000CC6CF /* Debug */ = {
			isa = XCBuildConfiguration;
			buildSettings = {
				ALWAYS_SEARCH_USER_PATHS = NO;
				CLANG_ANALYZER_LOCALIZABILITY_NONLOCALIZED = YES;
				CLANG_ANALYZER_NONNULL = YES;
				CLANG_ANALYZER_NUMBER_OBJECT_CONVERSION = YES_AGGRESSIVE;
				CLANG_CXX_LANGUAGE_STANDARD = "gnu++14";
				CLANG_CXX_LIBRARY = "libc++";
				CLANG_ENABLE_MODULES = YES;
				CLANG_ENABLE_OBJC_ARC = YES;
				CLANG_ENABLE_OBJC_WEAK = YES;
				CLANG_WARN_BLOCK_CAPTURE_AUTORELEASING = YES;
				CLANG_WARN_BOOL_CONVERSION = YES;
				CLANG_WARN_COMMA = YES;
				CLANG_WARN_CONSTANT_CONVERSION = YES;
				CLANG_WARN_DEPRECATED_OBJC_IMPLEMENTATIONS = YES;
				CLANG_WARN_DIRECT_OBJC_ISA_USAGE = YES_ERROR;
				CLANG_WARN_DOCUMENTATION_COMMENTS = YES;
				CLANG_WARN_EMPTY_BODY = YES;
				CLANG_WARN_ENUM_CONVERSION = YES;
				CLANG_WARN_INFINITE_RECURSION = YES;
				CLANG_WARN_INT_CONVERSION = YES;
				CLANG_WARN_NON_LITERAL_NULL_CONVERSION = YES;
				CLANG_WARN_OBJC_IMPLICIT_RETAIN_SELF = YES;
				CLANG_WARN_OBJC_LITERAL_CONVERSION = YES;
				CLANG_WARN_OBJC_ROOT_CLASS = YES_ERROR;
				CLANG_WARN_QUOTED_INCLUDE_IN_FRAMEWORK_HEADER = YES;
				CLANG_WARN_RANGE_LOOP_ANALYSIS = YES;
				CLANG_WARN_STRICT_PROTOTYPES = YES;
				CLANG_WARN_SUSPICIOUS_MOVE = YES;
				CLANG_WARN_UNGUARDED_AVAILABILITY = YES_AGGRESSIVE;
				CLANG_WARN_UNREACHABLE_CODE = YES;
				CLANG_WARN__DUPLICATE_METHOD_MATCH = YES;
				COPY_PHASE_STRIP = NO;
				DEBUG_INFORMATION_FORMAT = dwarf;
				ENABLE_STRICT_OBJC_MSGSEND = YES;
				ENABLE_TESTABILITY = YES;
				GCC_C_LANGUAGE_STANDARD = gnu11;
				GCC_DYNAMIC_NO_PIC = NO;
				GCC_NO_COMMON_BLOCKS = YES;
				GCC_OPTIMIZATION_LEVEL = 0;
				GCC_PREPROCESSOR_DEFINITIONS = (
					"DEBUG=1",
					"$(inherited)",
				);
				GCC_WARN_64_TO_32_BIT_CONVERSION = YES;
				GCC_WARN_ABOUT_RETURN_TYPE = YES_ERROR;
				GCC_WARN_UNDECLARED_SELECTOR = YES;
				GCC_WARN_UNINITIALIZED_AUTOS = YES_AGGRESSIVE;
				GCC_WARN_UNUSED_FUNCTION = YES;
				GCC_WARN_UNUSED_VARIABLE = YES;
				IPHONEOS_DEPLOYMENT_TARGET = 14.0;
				MTL_ENABLE_DEBUG_INFO = INCLUDE_SOURCE;
				MTL_FAST_MATH = YES;
				ONLY_ACTIVE_ARCH = YES;
				SDKROOT = iphoneos;
				SWIFT_ACTIVE_COMPILATION_CONDITIONS = DEBUG;
				SWIFT_OPTIMIZATION_LEVEL = "-Onone";
			};
			name = Debug;
		};
		504CE067253FDFAE000CC6CF /* Release */ = {
			isa = XCBuildConfiguration;
			buildSettings = {
				ALWAYS_SEARCH_USER_PATHS = NO;
				CLANG_ANALYZER_LOCALIZABILITY_NONLOCALIZED = YES;
				CLANG_ANALYZER_NONNULL = YES;
				CLANG_ANALYZER_NUMBER_OBJECT_CONVERSION = YES_AGGRESSIVE;
				CLANG_CXX_LANGUAGE_STANDARD = "gnu++14";
				CLANG_CXX_LIBRARY = "libc++";
				CLANG_ENABLE_MODULES = YES;
				CLANG_ENABLE_OBJC_ARC = YES;
				CLANG_ENABLE_OBJC_WEAK = YES;
				CLANG_WARN_BLOCK_CAPTURE_AUTORELEASING = YES;
				CLANG_WARN_BOOL_CONVERSION = YES;
				CLANG_WARN_COMMA = YES;
				CLANG_WARN_CONSTANT_CONVERSION = YES;
				CLANG_WARN_DEPRECATED_OBJC_IMPLEMENTATIONS = YES;
				CLANG_WARN_DIRECT_OBJC_ISA_USAGE = YES_ERROR;
				CLANG_WARN_DOCUMENTATION_COMMENTS = YES;
				CLANG_WARN_EMPTY_BODY = YES;
				CLANG_WARN_ENUM_CONVERSION = YES;
				CLANG_WARN_INFINITE_RECURSION = YES;
				CLANG_WARN_INT_CONVERSION = YES;
				CLANG_WARN_NON_LITERAL_NULL_CONVERSION = YES;
				CLANG_WARN_OBJC_IMPLICIT_RETAIN_SELF = YES;
				CLANG_WARN_OBJC_LITERAL_CONVERSION = YES;
				CLANG_WARN_OBJC_ROOT_CLASS = YES_ERROR;
				CLANG_WARN_QUOTED_INCLUDE_IN_FRAMEWORK_HEADER = YES;
				CLANG_WARN_RANGE_LOOP_ANALYSIS = YES;
				CLANG_WARN_STRICT_PROTOTYPES = YES;
				CLANG_WARN_SUSPICIOUS_MOVE = YES;
				CLANG_WARN_UNGUARDED_AVAILABILITY = YES_AGGRESSIVE;
				CLANG_WARN_UNREACHABLE_CODE = YES;
				CLANG_WARN__DUPLICATE_METHOD_MATCH = YES;
				COPY_PHASE_STRIP = NO;
				DEBUG_INFORMATION_FORMAT = "dwarf-with-dsym";
				ENABLE_NS_ASSERTIONS = NO;
				ENABLE_STRICT_OBJC_MSGSEND = YES;
				GCC_C_LANGUAGE_STANDARD = gnu11;
				GCC_NO_COMMON_BLOCKS = YES;
				GCC_WARN_64_TO_32_BIT_CONVERSION = YES;
				GCC_WARN_ABOUT_RETURN_TYPE = YES_ERROR;
				GCC_WARN_UNDECLARED_SELECTOR = YES;
				GCC_WARN_UNINITIALIZED_AUTOS = YES_AGGRESSIVE;
				GCC_WARN_UNUSED_FUNCTION = YES;
				GCC_WARN_UNUSED_VARIABLE = YES;
				IPHONEOS_DEPLOYMENT_TARGET = 14.0;
				MTL_ENABLE_DEBUG_INFO = NO;
				MTL_FAST_MATH = YES;
				SDKROOT = iphoneos;
				SWIFT_COMPILATION_MODE = wholemodule;
				SWIFT_OPTIMIZATION_LEVEL = "-O";
				VALIDATE_PRODUCT = YES;
			};
			name = Release;
		};
		504CE069253FDFAE000CC6CF /* Debug */ = {
			isa = XCBuildConfiguration;
			buildSettings = {
				ASSETCATALOG_COMPILER_APPICON_NAME = AppIcon;
				ASSETCATALOG_COMPILER_GLOBAL_ACCENT_COLOR_NAME = AccentColor;
				CODE_SIGN_STYLE = Automatic;
				DEVELOPMENT_TEAM = 3XVAQ6DRC4;
				"GCC_PREPROCESSOR_DEFINITIONS[arch=*]" = "FLEXLAYOUT_SWIFT_PACKAGE=1";
				INFOPLIST_FILE = DidTodayUIKit/Supportings/Info.plist;
				LD_RUNPATH_SEARCH_PATHS = (
					"$(inherited)",
					"@executable_path/Frameworks",
				);
				MARKETING_VERSION = 1.2.2;
				PRODUCT_BUNDLE_IDENTIFIER = com.ido.DidTodayUIKit;
				PRODUCT_NAME = "$(TARGET_NAME)";
				SWIFT_VERSION = 5.0;
				TARGETED_DEVICE_FAMILY = 1;
			};
			name = Debug;
		};
		504CE06A253FDFAE000CC6CF /* Release */ = {
			isa = XCBuildConfiguration;
			buildSettings = {
				ASSETCATALOG_COMPILER_APPICON_NAME = AppIcon;
				ASSETCATALOG_COMPILER_GLOBAL_ACCENT_COLOR_NAME = AccentColor;
				CODE_SIGN_STYLE = Automatic;
				DEVELOPMENT_TEAM = 3XVAQ6DRC4;
				"GCC_PREPROCESSOR_DEFINITIONS[arch=*]" = "FLEXLAYOUT_SWIFT_PACKAGE=1";
				INFOPLIST_FILE = DidTodayUIKit/Supportings/Info.plist;
				LD_RUNPATH_SEARCH_PATHS = (
					"$(inherited)",
					"@executable_path/Frameworks",
				);
				MARKETING_VERSION = 1.2.2;
				PRODUCT_BUNDLE_IDENTIFIER = com.ido.DidTodayUIKit;
				PRODUCT_NAME = "$(TARGET_NAME)";
				SWIFT_VERSION = 5.0;
				TARGETED_DEVICE_FAMILY = 1;
			};
			name = Release;
		};
		7FC22B7B28CB145300F83122 /* Debug */ = {
			isa = XCBuildConfiguration;
			buildSettings = {
				BUNDLE_LOADER = "$(TEST_HOST)";
				CLANG_CXX_LANGUAGE_STANDARD = "gnu++17";
				CODE_SIGN_STYLE = Automatic;
				CURRENT_PROJECT_VERSION = 1;
				DEVELOPMENT_TEAM = 3XVAQ6DRC4;
				"GCC_PREPROCESSOR_DEFINITIONS[arch=*]" = "FLEXLAYOUT_SWIFT_PACKAGE=1";
				GENERATE_INFOPLIST_FILE = YES;
				IPHONEOS_DEPLOYMENT_TARGET = 15.5;
				MARKETING_VERSION = 1.0;
				PRODUCT_BUNDLE_IDENTIFIER = com.ido.DidTodayUIKitTests;
				PRODUCT_NAME = "$(TARGET_NAME)";
				SWIFT_EMIT_LOC_STRINGS = NO;
				SWIFT_VERSION = 5.0;
				TARGETED_DEVICE_FAMILY = "1,2";
				TEST_HOST = "$(BUILT_PRODUCTS_DIR)/DidTodayUIKit.app/DidTodayUIKit";
			};
			name = Debug;
		};
		7FC22B7C28CB145300F83122 /* Release */ = {
			isa = XCBuildConfiguration;
			buildSettings = {
				BUNDLE_LOADER = "$(TEST_HOST)";
				CLANG_CXX_LANGUAGE_STANDARD = "gnu++17";
				CODE_SIGN_STYLE = Automatic;
				CURRENT_PROJECT_VERSION = 1;
				DEVELOPMENT_TEAM = 3XVAQ6DRC4;
				"GCC_PREPROCESSOR_DEFINITIONS[arch=*]" = "FLEXLAYOUT_SWIFT_PACKAGE=1";
				GENERATE_INFOPLIST_FILE = YES;
				IPHONEOS_DEPLOYMENT_TARGET = 15.5;
				MARKETING_VERSION = 1.0;
				PRODUCT_BUNDLE_IDENTIFIER = com.ido.DidTodayUIKitTests;
				PRODUCT_NAME = "$(TARGET_NAME)";
				SWIFT_EMIT_LOC_STRINGS = NO;
				SWIFT_VERSION = 5.0;
				TARGETED_DEVICE_FAMILY = "1,2";
				TEST_HOST = "$(BUILT_PRODUCTS_DIR)/DidTodayUIKit.app/DidTodayUIKit";
			};
			name = Release;
		};
/* End XCBuildConfiguration section */

/* Begin XCConfigurationList section */
		504CE039253FDFA9000CC6CF /* Build configuration list for PBXProject "DidTodayUIKit" */ = {
			isa = XCConfigurationList;
			buildConfigurations = (
				504CE066253FDFAE000CC6CF /* Debug */,
				504CE067253FDFAE000CC6CF /* Release */,
			);
			defaultConfigurationIsVisible = 0;
			defaultConfigurationName = Release;
		};
		504CE068253FDFAE000CC6CF /* Build configuration list for PBXNativeTarget "DidTodayUIKit" */ = {
			isa = XCConfigurationList;
			buildConfigurations = (
				504CE069253FDFAE000CC6CF /* Debug */,
				504CE06A253FDFAE000CC6CF /* Release */,
			);
			defaultConfigurationIsVisible = 0;
			defaultConfigurationName = Release;
		};
		7FC22B7A28CB145300F83122 /* Build configuration list for PBXNativeTarget "DidTodayUIKitTests" */ = {
			isa = XCConfigurationList;
			buildConfigurations = (
				7FC22B7B28CB145300F83122 /* Debug */,
				7FC22B7C28CB145300F83122 /* Release */,
			);
			defaultConfigurationIsVisible = 0;
			defaultConfigurationName = Release;
		};
/* End XCConfigurationList section */

/* Begin XCRemoteSwiftPackageReference section */
		7F583F2B2910EE90006735AA /* XCRemoteSwiftPackageReference "HorizonCalendar" */ = {
			isa = XCRemoteSwiftPackageReference;
			repositoryURL = "https://github.com/airbnb/HorizonCalendar";
			requirement = {
				branch = master;
				kind = branch;
			};
		};
		7F9B3FB529B9F01900C8A3D0 /* XCRemoteSwiftPackageReference "FlexLayout" */ = {
			isa = XCRemoteSwiftPackageReference;
			repositoryURL = "https://github.com/layoutBox/FlexLayout";
			requirement = {
				kind = upToNextMajorVersion;
				minimumVersion = 1.0.0;
			};
		};
		7F9B3FB829B9F06700C8A3D0 /* XCRemoteSwiftPackageReference "PinLayout" */ = {
			isa = XCRemoteSwiftPackageReference;
			repositoryURL = "https://github.com/layoutBox/PinLayout";
			requirement = {
				kind = upToNextMajorVersion;
				minimumVersion = 1.0.0;
			};
		};
/* End XCRemoteSwiftPackageReference section */

/* Begin XCSwiftPackageProductDependency section */
		7F583F2C2910EE90006735AA /* HorizonCalendar */ = {
			isa = XCSwiftPackageProductDependency;
			package = 7F583F2B2910EE90006735AA /* XCRemoteSwiftPackageReference "HorizonCalendar" */;
			productName = HorizonCalendar;
		};
		7F9B3FB629B9F01900C8A3D0 /* FlexLayout */ = {
			isa = XCSwiftPackageProductDependency;
			package = 7F9B3FB529B9F01900C8A3D0 /* XCRemoteSwiftPackageReference "FlexLayout" */;
			productName = FlexLayout;
		};
		7F9B3FB929B9F06700C8A3D0 /* PinLayout */ = {
			isa = XCSwiftPackageProductDependency;
			package = 7F9B3FB829B9F06700C8A3D0 /* XCRemoteSwiftPackageReference "PinLayout" */;
			productName = PinLayout;
		};
		7F9B3FBF29B9F47600C8A3D0 /* FlexLayoutYoga */ = {
			isa = XCSwiftPackageProductDependency;
			package = 7F9B3FB529B9F01900C8A3D0 /* XCRemoteSwiftPackageReference "FlexLayout" */;
			productName = FlexLayoutYoga;
		};
		7F9B3FC129B9F47600C8A3D0 /* FlexLayoutYogaKit */ = {
			isa = XCSwiftPackageProductDependency;
			package = 7F9B3FB529B9F01900C8A3D0 /* XCRemoteSwiftPackageReference "FlexLayout" */;
			productName = FlexLayoutYogaKit;
		};
/* End XCSwiftPackageProductDependency section */

/* Begin XCVersionGroup section */
		7FC22B6128C88AA500F83122 /* DataModel.xcdatamodeld */ = {
			isa = XCVersionGroup;
			children = (
				7FC22B6228C88AA500F83122 /* DataModel.xcdatamodel */,
			);
			currentVersion = 7FC22B6228C88AA500F83122 /* DataModel.xcdatamodel */;
			path = DataModel.xcdatamodeld;
			sourceTree = "<group>";
			versionGroupType = wrapper.xcdatamodel;
		};
/* End XCVersionGroup section */
	};
	rootObject = 504CE036253FDFA9000CC6CF /* Project object */;
}
