// !$*UTF8*$!
{
	archiveVersion = 1;
	classes = {
	};
	objectVersion = 50;
	objects = {

/* Begin PBXBuildFile section */
		503CB75F254E46D70009D92E /* Edit.storyboard in Resources */ = {isa = PBXBuildFile; fileRef = 503CB75E254E46D70009D92E /* Edit.storyboard */; };
		503CB764254E47230009D92E /* EditViewController.swift in Sources */ = {isa = PBXBuildFile; fileRef = 503CB763254E47230009D92E /* EditViewController.swift */; };
		504CE042253FDFAA000CC6CF /* AppDelegate.swift in Sources */ = {isa = PBXBuildFile; fileRef = 504CE041253FDFAA000CC6CF /* AppDelegate.swift */; };
		504CE044253FDFAA000CC6CF /* SceneDelegate.swift in Sources */ = {isa = PBXBuildFile; fileRef = 504CE043253FDFAA000CC6CF /* SceneDelegate.swift */; };
		504CE046253FDFAA000CC6CF /* ViewController.swift in Sources */ = {isa = PBXBuildFile; fileRef = 504CE045253FDFAA000CC6CF /* ViewController.swift */; };
		504CE049253FDFAA000CC6CF /* Main.storyboard in Resources */ = {isa = PBXBuildFile; fileRef = 504CE047253FDFAA000CC6CF /* Main.storyboard */; };
		504CE04B253FDFAE000CC6CF /* Assets.xcassets in Resources */ = {isa = PBXBuildFile; fileRef = 504CE04A253FDFAE000CC6CF /* Assets.xcassets */; };
		504CE04E253FDFAE000CC6CF /* LaunchScreen.storyboard in Resources */ = {isa = PBXBuildFile; fileRef = 504CE04C253FDFAE000CC6CF /* LaunchScreen.storyboard */; };
		504CE059253FDFAE000CC6CF /* DidTodayUIKitTests.swift in Sources */ = {isa = PBXBuildFile; fileRef = 504CE058253FDFAE000CC6CF /* DidTodayUIKitTests.swift */; };
		504CE064253FDFAE000CC6CF /* DidTodayUIKitUITests.swift in Sources */ = {isa = PBXBuildFile; fileRef = 504CE063253FDFAE000CC6CF /* DidTodayUIKitUITests.swift */; };
		504CE0B4253FDFDF000CC6CF /* Model.swift in Sources */ = {isa = PBXBuildFile; fileRef = 504CE0B3253FDFDF000CC6CF /* Model.swift */; };
		504CE0B9253FDFE9000CC6CF /* ViewModel.swift in Sources */ = {isa = PBXBuildFile; fileRef = 504CE0B8253FDFE9000CC6CF /* ViewModel.swift */; };
		504CE0C1254143CC000CC6CF /* Pie.swift in Sources */ = {isa = PBXBuildFile; fileRef = 504CE0C0254143CC000CC6CF /* Pie.swift */; };
		50FCA4AD2547DC2D00262DF2 /* Quick.swift in Sources */ = {isa = PBXBuildFile; fileRef = 50FCA4AC2547DC2D00262DF2 /* Quick.swift */; };
/* End PBXBuildFile section */

/* Begin PBXContainerItemProxy section */
		504CE055253FDFAE000CC6CF /* PBXContainerItemProxy */ = {
			isa = PBXContainerItemProxy;
			containerPortal = 504CE036253FDFA9000CC6CF /* Project object */;
			proxyType = 1;
			remoteGlobalIDString = 504CE03D253FDFAA000CC6CF;
			remoteInfo = DidTodayUIKit;
		};
		504CE060253FDFAE000CC6CF /* PBXContainerItemProxy */ = {
			isa = PBXContainerItemProxy;
			containerPortal = 504CE036253FDFA9000CC6CF /* Project object */;
			proxyType = 1;
			remoteGlobalIDString = 504CE03D253FDFAA000CC6CF;
			remoteInfo = DidTodayUIKit;
		};
/* End PBXContainerItemProxy section */

/* Begin PBXFileReference section */
		503CB75E254E46D70009D92E /* Edit.storyboard */ = {isa = PBXFileReference; lastKnownFileType = file.storyboard; path = Edit.storyboard; sourceTree = "<group>"; };
		503CB763254E47230009D92E /* EditViewController.swift */ = {isa = PBXFileReference; lastKnownFileType = sourcecode.swift; path = EditViewController.swift; sourceTree = "<group>"; };
		504CE03E253FDFAA000CC6CF /* DidTodayUIKit.app */ = {isa = PBXFileReference; explicitFileType = wrapper.application; includeInIndex = 0; path = DidTodayUIKit.app; sourceTree = BUILT_PRODUCTS_DIR; };
		504CE041253FDFAA000CC6CF /* AppDelegate.swift */ = {isa = PBXFileReference; lastKnownFileType = sourcecode.swift; path = AppDelegate.swift; sourceTree = "<group>"; };
		504CE043253FDFAA000CC6CF /* SceneDelegate.swift */ = {isa = PBXFileReference; lastKnownFileType = sourcecode.swift; path = SceneDelegate.swift; sourceTree = "<group>"; };
		504CE045253FDFAA000CC6CF /* ViewController.swift */ = {isa = PBXFileReference; lastKnownFileType = sourcecode.swift; path = ViewController.swift; sourceTree = "<group>"; };
		504CE048253FDFAA000CC6CF /* Base */ = {isa = PBXFileReference; lastKnownFileType = file.storyboard; name = Base; path = Base.lproj/Main.storyboard; sourceTree = "<group>"; };
		504CE04A253FDFAE000CC6CF /* Assets.xcassets */ = {isa = PBXFileReference; lastKnownFileType = folder.assetcatalog; path = Assets.xcassets; sourceTree = "<group>"; };
		504CE04D253FDFAE000CC6CF /* Base */ = {isa = PBXFileReference; lastKnownFileType = file.storyboard; name = Base; path = Base.lproj/LaunchScreen.storyboard; sourceTree = "<group>"; };
		504CE04F253FDFAE000CC6CF /* Info.plist */ = {isa = PBXFileReference; lastKnownFileType = text.plist.xml; path = Info.plist; sourceTree = "<group>"; };
		504CE054253FDFAE000CC6CF /* DidTodayUIKitTests.xctest */ = {isa = PBXFileReference; explicitFileType = wrapper.cfbundle; includeInIndex = 0; path = DidTodayUIKitTests.xctest; sourceTree = BUILT_PRODUCTS_DIR; };
		504CE058253FDFAE000CC6CF /* DidTodayUIKitTests.swift */ = {isa = PBXFileReference; lastKnownFileType = sourcecode.swift; path = DidTodayUIKitTests.swift; sourceTree = "<group>"; };
		504CE05A253FDFAE000CC6CF /* Info.plist */ = {isa = PBXFileReference; lastKnownFileType = text.plist.xml; path = Info.plist; sourceTree = "<group>"; };
		504CE05F253FDFAE000CC6CF /* DidTodayUIKitUITests.xctest */ = {isa = PBXFileReference; explicitFileType = wrapper.cfbundle; includeInIndex = 0; path = DidTodayUIKitUITests.xctest; sourceTree = BUILT_PRODUCTS_DIR; };
		504CE063253FDFAE000CC6CF /* DidTodayUIKitUITests.swift */ = {isa = PBXFileReference; lastKnownFileType = sourcecode.swift; path = DidTodayUIKitUITests.swift; sourceTree = "<group>"; };
		504CE065253FDFAE000CC6CF /* Info.plist */ = {isa = PBXFileReference; lastKnownFileType = text.plist.xml; path = Info.plist; sourceTree = "<group>"; };
		504CE0B3253FDFDF000CC6CF /* Model.swift */ = {isa = PBXFileReference; lastKnownFileType = sourcecode.swift; path = Model.swift; sourceTree = "<group>"; };
		504CE0B8253FDFE9000CC6CF /* ViewModel.swift */ = {isa = PBXFileReference; lastKnownFileType = sourcecode.swift; path = ViewModel.swift; sourceTree = "<group>"; };
		504CE0C0254143CC000CC6CF /* Pie.swift */ = {isa = PBXFileReference; lastKnownFileType = sourcecode.swift; path = Pie.swift; sourceTree = "<group>"; };
		50FCA4AC2547DC2D00262DF2 /* Quick.swift */ = {isa = PBXFileReference; lastKnownFileType = sourcecode.swift; path = Quick.swift; sourceTree = "<group>"; };
/* End PBXFileReference section */

/* Begin PBXFrameworksBuildPhase section */
		504CE03B253FDFAA000CC6CF /* Frameworks */ = {
			isa = PBXFrameworksBuildPhase;
			buildActionMask = 2147483647;
			files = (
			);
			runOnlyForDeploymentPostprocessing = 0;
		};
		504CE051253FDFAE000CC6CF /* Frameworks */ = {
			isa = PBXFrameworksBuildPhase;
			buildActionMask = 2147483647;
			files = (
			);
			runOnlyForDeploymentPostprocessing = 0;
		};
		504CE05C253FDFAE000CC6CF /* Frameworks */ = {
			isa = PBXFrameworksBuildPhase;
			buildActionMask = 2147483647;
			files = (
			);
			runOnlyForDeploymentPostprocessing = 0;
		};
/* End PBXFrameworksBuildPhase section */

/* Begin PBXGroup section */
		504CE035253FDFA9000CC6CF = {
			isa = PBXGroup;
			children = (
				504CE040253FDFAA000CC6CF /* DidTodayUIKit */,
				504CE057253FDFAE000CC6CF /* DidTodayUIKitTests */,
				504CE062253FDFAE000CC6CF /* DidTodayUIKitUITests */,
				504CE03F253FDFAA000CC6CF /* Products */,
			);
			sourceTree = "<group>";
		};
		504CE03F253FDFAA000CC6CF /* Products */ = {
			isa = PBXGroup;
			children = (
				504CE03E253FDFAA000CC6CF /* DidTodayUIKit.app */,
				504CE054253FDFAE000CC6CF /* DidTodayUIKitTests.xctest */,
				504CE05F253FDFAE000CC6CF /* DidTodayUIKitUITests.xctest */,
			);
			name = Products;
			sourceTree = "<group>";
		};
		504CE040253FDFAA000CC6CF /* DidTodayUIKit */ = {
			isa = PBXGroup;
			children = (
				504CE041253FDFAA000CC6CF /* AppDelegate.swift */,
				504CE043253FDFAA000CC6CF /* SceneDelegate.swift */,
				504CE045253FDFAA000CC6CF /* ViewController.swift */,
				504CE047253FDFAA000CC6CF /* Main.storyboard */,
				503CB763254E47230009D92E /* EditViewController.swift */,
				503CB75E254E46D70009D92E /* Edit.storyboard */,
				504CE0B8253FDFE9000CC6CF /* ViewModel.swift */,
				504CE0C0254143CC000CC6CF /* Pie.swift */,
				50FCA4AC2547DC2D00262DF2 /* Quick.swift */,
				504CE0B3253FDFDF000CC6CF /* Model.swift */,
				504CE04C253FDFAE000CC6CF /* LaunchScreen.storyboard */,
				504CE04A253FDFAE000CC6CF /* Assets.xcassets */,
				504CE04F253FDFAE000CC6CF /* Info.plist */,
			);
			path = DidTodayUIKit;
			sourceTree = "<group>";
		};
		504CE057253FDFAE000CC6CF /* DidTodayUIKitTests */ = {
			isa = PBXGroup;
			children = (
				504CE058253FDFAE000CC6CF /* DidTodayUIKitTests.swift */,
				504CE05A253FDFAE000CC6CF /* Info.plist */,
			);
			path = DidTodayUIKitTests;
			sourceTree = "<group>";
		};
		504CE062253FDFAE000CC6CF /* DidTodayUIKitUITests */ = {
			isa = PBXGroup;
			children = (
				504CE063253FDFAE000CC6CF /* DidTodayUIKitUITests.swift */,
				504CE065253FDFAE000CC6CF /* Info.plist */,
			);
			path = DidTodayUIKitUITests;
			sourceTree = "<group>";
		};
/* End PBXGroup section */

/* Begin PBXNativeTarget section */
		504CE03D253FDFAA000CC6CF /* DidTodayUIKit */ = {
			isa = PBXNativeTarget;
			buildConfigurationList = 504CE068253FDFAE000CC6CF /* Build configuration list for PBXNativeTarget "DidTodayUIKit" */;
			buildPhases = (
				504CE03A253FDFAA000CC6CF /* Sources */,
				504CE03B253FDFAA000CC6CF /* Frameworks */,
				504CE03C253FDFAA000CC6CF /* Resources */,
			);
			buildRules = (
			);
			dependencies = (
			);
			name = DidTodayUIKit;
			productName = DidTodayUIKit;
			productReference = 504CE03E253FDFAA000CC6CF /* DidTodayUIKit.app */;
			productType = "com.apple.product-type.application";
		};
		504CE053253FDFAE000CC6CF /* DidTodayUIKitTests */ = {
			isa = PBXNativeTarget;
			buildConfigurationList = 504CE06B253FDFAE000CC6CF /* Build configuration list for PBXNativeTarget "DidTodayUIKitTests" */;
			buildPhases = (
				504CE050253FDFAE000CC6CF /* Sources */,
				504CE051253FDFAE000CC6CF /* Frameworks */,
				504CE052253FDFAE000CC6CF /* Resources */,
			);
			buildRules = (
			);
			dependencies = (
				504CE056253FDFAE000CC6CF /* PBXTargetDependency */,
			);
			name = DidTodayUIKitTests;
			productName = DidTodayUIKitTests;
			productReference = 504CE054253FDFAE000CC6CF /* DidTodayUIKitTests.xctest */;
			productType = "com.apple.product-type.bundle.unit-test";
		};
		504CE05E253FDFAE000CC6CF /* DidTodayUIKitUITests */ = {
			isa = PBXNativeTarget;
			buildConfigurationList = 504CE06E253FDFAE000CC6CF /* Build configuration list for PBXNativeTarget "DidTodayUIKitUITests" */;
			buildPhases = (
				504CE05B253FDFAE000CC6CF /* Sources */,
				504CE05C253FDFAE000CC6CF /* Frameworks */,
				504CE05D253FDFAE000CC6CF /* Resources */,
			);
			buildRules = (
			);
			dependencies = (
				504CE061253FDFAE000CC6CF /* PBXTargetDependency */,
			);
			name = DidTodayUIKitUITests;
			productName = DidTodayUIKitUITests;
			productReference = 504CE05F253FDFAE000CC6CF /* DidTodayUIKitUITests.xctest */;
			productType = "com.apple.product-type.bundle.ui-testing";
		};
/* End PBXNativeTarget section */

/* Begin PBXProject section */
		504CE036253FDFA9000CC6CF /* Project object */ = {
			isa = PBXProject;
			attributes = {
				LastSwiftUpdateCheck = 1200;
				LastUpgradeCheck = 1200;
				TargetAttributes = {
					504CE03D253FDFAA000CC6CF = {
						CreatedOnToolsVersion = 12.0.1;
					};
					504CE053253FDFAE000CC6CF = {
						CreatedOnToolsVersion = 12.0.1;
						TestTargetID = 504CE03D253FDFAA000CC6CF;
					};
					504CE05E253FDFAE000CC6CF = {
						CreatedOnToolsVersion = 12.0.1;
						TestTargetID = 504CE03D253FDFAA000CC6CF;
					};
				};
			};
			buildConfigurationList = 504CE039253FDFA9000CC6CF /* Build configuration list for PBXProject "DidTodayUIKit" */;
			compatibilityVersion = "Xcode 9.3";
			developmentRegion = en;
			hasScannedForEncodings = 0;
			knownRegions = (
				en,
				Base,
			);
			mainGroup = 504CE035253FDFA9000CC6CF;
			productRefGroup = 504CE03F253FDFAA000CC6CF /* Products */;
			projectDirPath = "";
			projectRoot = "";
			targets = (
				504CE03D253FDFAA000CC6CF /* DidTodayUIKit */,
				504CE053253FDFAE000CC6CF /* DidTodayUIKitTests */,
				504CE05E253FDFAE000CC6CF /* DidTodayUIKitUITests */,
			);
		};
/* End PBXProject section */

/* Begin PBXResourcesBuildPhase section */
		504CE03C253FDFAA000CC6CF /* Resources */ = {
			isa = PBXResourcesBuildPhase;
			buildActionMask = 2147483647;
			files = (
				503CB75F254E46D70009D92E /* Edit.storyboard in Resources */,
				504CE04E253FDFAE000CC6CF /* LaunchScreen.storyboard in Resources */,
				504CE04B253FDFAE000CC6CF /* Assets.xcassets in Resources */,
				504CE049253FDFAA000CC6CF /* Main.storyboard in Resources */,
			);
			runOnlyForDeploymentPostprocessing = 0;
		};
		504CE052253FDFAE000CC6CF /* Resources */ = {
			isa = PBXResourcesBuildPhase;
			buildActionMask = 2147483647;
			files = (
			);
			runOnlyForDeploymentPostprocessing = 0;
		};
		504CE05D253FDFAE000CC6CF /* Resources */ = {
			isa = PBXResourcesBuildPhase;
			buildActionMask = 2147483647;
			files = (
			);
			runOnlyForDeploymentPostprocessing = 0;
		};
/* End PBXResourcesBuildPhase section */

/* Begin PBXSourcesBuildPhase section */
		504CE03A253FDFAA000CC6CF /* Sources */ = {
			isa = PBXSourcesBuildPhase;
			buildActionMask = 2147483647;
			files = (
				503CB764254E47230009D92E /* EditViewController.swift in Sources */,
				504CE0C1254143CC000CC6CF /* Pie.swift in Sources */,
				50FCA4AD2547DC2D00262DF2 /* Quick.swift in Sources */,
				504CE0B9253FDFE9000CC6CF /* ViewModel.swift in Sources */,
				504CE046253FDFAA000CC6CF /* ViewController.swift in Sources */,
				504CE042253FDFAA000CC6CF /* AppDelegate.swift in Sources */,
				504CE044253FDFAA000CC6CF /* SceneDelegate.swift in Sources */,
				504CE0B4253FDFDF000CC6CF /* Model.swift in Sources */,
			);
			runOnlyForDeploymentPostprocessing = 0;
		};
		504CE050253FDFAE000CC6CF /* Sources */ = {
			isa = PBXSourcesBuildPhase;
			buildActionMask = 2147483647;
			files = (
				504CE059253FDFAE000CC6CF /* DidTodayUIKitTests.swift in Sources */,
			);
			runOnlyForDeploymentPostprocessing = 0;
		};
		504CE05B253FDFAE000CC6CF /* Sources */ = {
			isa = PBXSourcesBuildPhase;
			buildActionMask = 2147483647;
			files = (
				504CE064253FDFAE000CC6CF /* DidTodayUIKitUITests.swift in Sources */,
			);
			runOnlyForDeploymentPostprocessing = 0;
		};
/* End PBXSourcesBuildPhase section */

/* Begin PBXTargetDependency section */
		504CE056253FDFAE000CC6CF /* PBXTargetDependency */ = {
			isa = PBXTargetDependency;
			target = 504CE03D253FDFAA000CC6CF /* DidTodayUIKit */;
			targetProxy = 504CE055253FDFAE000CC6CF /* PBXContainerItemProxy */;
		};
		504CE061253FDFAE000CC6CF /* PBXTargetDependency */ = {
			isa = PBXTargetDependency;
			target = 504CE03D253FDFAA000CC6CF /* DidTodayUIKit */;
			targetProxy = 504CE060253FDFAE000CC6CF /* PBXContainerItemProxy */;
		};
/* End PBXTargetDependency section */

/* Begin PBXVariantGroup section */
		504CE047253FDFAA000CC6CF /* Main.storyboard */ = {
			isa = PBXVariantGroup;
			children = (
				504CE048253FDFAA000CC6CF /* Base */,
			);
			name = Main.storyboard;
			sourceTree = "<group>";
		};
		504CE04C253FDFAE000CC6CF /* LaunchScreen.storyboard */ = {
			isa = PBXVariantGroup;
			children = (
				504CE04D253FDFAE000CC6CF /* Base */,
			);
			name = LaunchScreen.storyboard;
			sourceTree = "<group>";
		};
/* End PBXVariantGroup section */

/* Begin XCBuildConfiguration section */
		504CE066253FDFAE000CC6CF /* Debug */ = {
			isa = XCBuildConfiguration;
			buildSettings = {
				ALWAYS_SEARCH_USER_PATHS = NO;
				CLANG_ANALYZER_NONNULL = YES;
				CLANG_ANALYZER_NUMBER_OBJECT_CONVERSION = YES_AGGRESSIVE;
				CLANG_CXX_LANGUAGE_STANDARD = "gnu++14";
				CLANG_CXX_LIBRARY = "libc++";
				CLANG_ENABLE_MODULES = YES;
				CLANG_ENABLE_OBJC_ARC = YES;
				CLANG_ENABLE_OBJC_WEAK = YES;
				CLANG_WARN_BLOCK_CAPTURE_AUTORELEASING = YES;
				CLANG_WARN_BOOL_CONVERSION = YES;
				CLANG_WARN_COMMA = YES;
				CLANG_WARN_CONSTANT_CONVERSION = YES;
				CLANG_WARN_DEPRECATED_OBJC_IMPLEMENTATIONS = YES;
				CLANG_WARN_DIRECT_OBJC_ISA_USAGE = YES_ERROR;
				CLANG_WARN_DOCUMENTATION_COMMENTS = YES;
				CLANG_WARN_EMPTY_BODY = YES;
				CLANG_WARN_ENUM_CONVERSION = YES;
				CLANG_WARN_INFINITE_RECURSION = YES;
				CLANG_WARN_INT_CONVERSION = YES;
				CLANG_WARN_NON_LITERAL_NULL_CONVERSION = YES;
				CLANG_WARN_OBJC_IMPLICIT_RETAIN_SELF = YES;
				CLANG_WARN_OBJC_LITERAL_CONVERSION = YES;
				CLANG_WARN_OBJC_ROOT_CLASS = YES_ERROR;
				CLANG_WARN_QUOTED_INCLUDE_IN_FRAMEWORK_HEADER = YES;
				CLANG_WARN_RANGE_LOOP_ANALYSIS = YES;
				CLANG_WARN_STRICT_PROTOTYPES = YES;
				CLANG_WARN_SUSPICIOUS_MOVE = YES;
				CLANG_WARN_UNGUARDED_AVAILABILITY = YES_AGGRESSIVE;
				CLANG_WARN_UNREACHABLE_CODE = YES;
				CLANG_WARN__DUPLICATE_METHOD_MATCH = YES;
				COPY_PHASE_STRIP = NO;
				DEBUG_INFORMATION_FORMAT = dwarf;
				ENABLE_STRICT_OBJC_MSGSEND = YES;
				ENABLE_TESTABILITY = YES;
				GCC_C_LANGUAGE_STANDARD = gnu11;
				GCC_DYNAMIC_NO_PIC = NO;
				GCC_NO_COMMON_BLOCKS = YES;
				GCC_OPTIMIZATION_LEVEL = 0;
				GCC_PREPROCESSOR_DEFINITIONS = (
					"DEBUG=1",
					"$(inherited)",
				);
				GCC_WARN_64_TO_32_BIT_CONVERSION = YES;
				GCC_WARN_ABOUT_RETURN_TYPE = YES_ERROR;
				GCC_WARN_UNDECLARED_SELECTOR = YES;
				GCC_WARN_UNINITIALIZED_AUTOS = YES_AGGRESSIVE;
				GCC_WARN_UNUSED_FUNCTION = YES;
				GCC_WARN_UNUSED_VARIABLE = YES;
				IPHONEOS_DEPLOYMENT_TARGET = 14.0;
				MTL_ENABLE_DEBUG_INFO = INCLUDE_SOURCE;
				MTL_FAST_MATH = YES;
				ONLY_ACTIVE_ARCH = YES;
				SDKROOT = iphoneos;
				SWIFT_ACTIVE_COMPILATION_CONDITIONS = DEBUG;
				SWIFT_OPTIMIZATION_LEVEL = "-Onone";
			};
			name = Debug;
		};
		504CE067253FDFAE000CC6CF /* Release */ = {
			isa = XCBuildConfiguration;
			buildSettings = {
				ALWAYS_SEARCH_USER_PATHS = NO;
				CLANG_ANALYZER_NONNULL = YES;
				CLANG_ANALYZER_NUMBER_OBJECT_CONVERSION = YES_AGGRESSIVE;
				CLANG_CXX_LANGUAGE_STANDARD = "gnu++14";
				CLANG_CXX_LIBRARY = "libc++";
				CLANG_ENABLE_MODULES = YES;
				CLANG_ENABLE_OBJC_ARC = YES;
				CLANG_ENABLE_OBJC_WEAK = YES;
				CLANG_WARN_BLOCK_CAPTURE_AUTORELEASING = YES;
				CLANG_WARN_BOOL_CONVERSION = YES;
				CLANG_WARN_COMMA = YES;
				CLANG_WARN_CONSTANT_CONVERSION = YES;
				CLANG_WARN_DEPRECATED_OBJC_IMPLEMENTATIONS = YES;
				CLANG_WARN_DIRECT_OBJC_ISA_USAGE = YES_ERROR;
				CLANG_WARN_DOCUMENTATION_COMMENTS = YES;
				CLANG_WARN_EMPTY_BODY = YES;
				CLANG_WARN_ENUM_CONVERSION = YES;
				CLANG_WARN_INFINITE_RECURSION = YES;
				CLANG_WARN_INT_CONVERSION = YES;
				CLANG_WARN_NON_LITERAL_NULL_CONVERSION = YES;
				CLANG_WARN_OBJC_IMPLICIT_RETAIN_SELF = YES;
				CLANG_WARN_OBJC_LITERAL_CONVERSION = YES;
				CLANG_WARN_OBJC_ROOT_CLASS = YES_ERROR;
				CLANG_WARN_QUOTED_INCLUDE_IN_FRAMEWORK_HEADER = YES;
				CLANG_WARN_RANGE_LOOP_ANALYSIS = YES;
				CLANG_WARN_STRICT_PROTOTYPES = YES;
				CLANG_WARN_SUSPICIOUS_MOVE = YES;
				CLANG_WARN_UNGUARDED_AVAILABILITY = YES_AGGRESSIVE;
				CLANG_WARN_UNREACHABLE_CODE = YES;
				CLANG_WARN__DUPLICATE_METHOD_MATCH = YES;
				COPY_PHASE_STRIP = NO;
				DEBUG_INFORMATION_FORMAT = "dwarf-with-dsym";
				ENABLE_NS_ASSERTIONS = NO;
				ENABLE_STRICT_OBJC_MSGSEND = YES;
				GCC_C_LANGUAGE_STANDARD = gnu11;
				GCC_NO_COMMON_BLOCKS = YES;
				GCC_WARN_64_TO_32_BIT_CONVERSION = YES;
				GCC_WARN_ABOUT_RETURN_TYPE = YES_ERROR;
				GCC_WARN_UNDECLARED_SELECTOR = YES;
				GCC_WARN_UNINITIALIZED_AUTOS = YES_AGGRESSIVE;
				GCC_WARN_UNUSED_FUNCTION = YES;
				GCC_WARN_UNUSED_VARIABLE = YES;
				IPHONEOS_DEPLOYMENT_TARGET = 14.0;
				MTL_ENABLE_DEBUG_INFO = NO;
				MTL_FAST_MATH = YES;
				SDKROOT = iphoneos;
				SWIFT_COMPILATION_MODE = wholemodule;
				SWIFT_OPTIMIZATION_LEVEL = "-O";
				VALIDATE_PRODUCT = YES;
			};
			name = Release;
		};
		504CE069253FDFAE000CC6CF /* Debug */ = {
			isa = XCBuildConfiguration;
			buildSettings = {
				ASSETCATALOG_COMPILER_APPICON_NAME = AppIcon;
				ASSETCATALOG_COMPILER_GLOBAL_ACCENT_COLOR_NAME = AccentColor;
				CODE_SIGN_STYLE = Automatic;
				INFOPLIST_FILE = DidTodayUIKit/Info.plist;
				LD_RUNPATH_SEARCH_PATHS = (
					"$(inherited)",
					"@executable_path/Frameworks",
				);
				PRODUCT_BUNDLE_IDENTIFIER = com.ido.DidTodayUIKit;
				PRODUCT_NAME = "$(TARGET_NAME)";
				SWIFT_VERSION = 5.0;
				TARGETED_DEVICE_FAMILY = "1,2";
			};
			name = Debug;
		};
		504CE06A253FDFAE000CC6CF /* Release */ = {
			isa = XCBuildConfiguration;
			buildSettings = {
				ASSETCATALOG_COMPILER_APPICON_NAME = AppIcon;
				ASSETCATALOG_COMPILER_GLOBAL_ACCENT_COLOR_NAME = AccentColor;
				CODE_SIGN_STYLE = Automatic;
				INFOPLIST_FILE = DidTodayUIKit/Info.plist;
				LD_RUNPATH_SEARCH_PATHS = (
					"$(inherited)",
					"@executable_path/Frameworks",
				);
				PRODUCT_BUNDLE_IDENTIFIER = com.ido.DidTodayUIKit;
				PRODUCT_NAME = "$(TARGET_NAME)";
				SWIFT_VERSION = 5.0;
				TARGETED_DEVICE_FAMILY = "1,2";
			};
			name = Release;
		};
		504CE06C253FDFAE000CC6CF /* Debug */ = {
			isa = XCBuildConfiguration;
			buildSettings = {
				ALWAYS_EMBED_SWIFT_STANDARD_LIBRARIES = YES;
				BUNDLE_LOADER = "$(TEST_HOST)";
				CODE_SIGN_STYLE = Automatic;
				INFOPLIST_FILE = DidTodayUIKitTests/Info.plist;
				IPHONEOS_DEPLOYMENT_TARGET = 14.0;
				LD_RUNPATH_SEARCH_PATHS = (
					"$(inherited)",
					"@executable_path/Frameworks",
					"@loader_path/Frameworks",
				);
				PRODUCT_BUNDLE_IDENTIFIER = com.ido.DidTodayUIKitTests;
				PRODUCT_NAME = "$(TARGET_NAME)";
				SWIFT_VERSION = 5.0;
				TARGETED_DEVICE_FAMILY = "1,2";
				TEST_HOST = "$(BUILT_PRODUCTS_DIR)/DidTodayUIKit.app/DidTodayUIKit";
			};
			name = Debug;
		};
		504CE06D253FDFAE000CC6CF /* Release */ = {
			isa = XCBuildConfiguration;
			buildSettings = {
				ALWAYS_EMBED_SWIFT_STANDARD_LIBRARIES = YES;
				BUNDLE_LOADER = "$(TEST_HOST)";
				CODE_SIGN_STYLE = Automatic;
				INFOPLIST_FILE = DidTodayUIKitTests/Info.plist;
				IPHONEOS_DEPLOYMENT_TARGET = 14.0;
				LD_RUNPATH_SEARCH_PATHS = (
					"$(inherited)",
					"@executable_path/Frameworks",
					"@loader_path/Frameworks",
				);
				PRODUCT_BUNDLE_IDENTIFIER = com.ido.DidTodayUIKitTests;
				PRODUCT_NAME = "$(TARGET_NAME)";
				SWIFT_VERSION = 5.0;
				TARGETED_DEVICE_FAMILY = "1,2";
				TEST_HOST = "$(BUILT_PRODUCTS_DIR)/DidTodayUIKit.app/DidTodayUIKit";
			};
			name = Release;
		};
		504CE06F253FDFAE000CC6CF /* Debug */ = {
			isa = XCBuildConfiguration;
			buildSettings = {
				ALWAYS_EMBED_SWIFT_STANDARD_LIBRARIES = YES;
				CODE_SIGN_STYLE = Automatic;
				INFOPLIST_FILE = DidTodayUIKitUITests/Info.plist;
				LD_RUNPATH_SEARCH_PATHS = (
					"$(inherited)",
					"@executable_path/Frameworks",
					"@loader_path/Frameworks",
				);
				PRODUCT_BUNDLE_IDENTIFIER = com.ido.DidTodayUIKitUITests;
				PRODUCT_NAME = "$(TARGET_NAME)";
				SWIFT_VERSION = 5.0;
				TARGETED_DEVICE_FAMILY = "1,2";
				TEST_TARGET_NAME = DidTodayUIKit;
			};
			name = Debug;
		};
		504CE070253FDFAE000CC6CF /* Release */ = {
			isa = XCBuildConfiguration;
			buildSettings = {
				ALWAYS_EMBED_SWIFT_STANDARD_LIBRARIES = YES;
				CODE_SIGN_STYLE = Automatic;
				INFOPLIST_FILE = DidTodayUIKitUITests/Info.plist;
				LD_RUNPATH_SEARCH_PATHS = (
					"$(inherited)",
					"@executable_path/Frameworks",
					"@loader_path/Frameworks",
				);
				PRODUCT_BUNDLE_IDENTIFIER = com.ido.DidTodayUIKitUITests;
				PRODUCT_NAME = "$(TARGET_NAME)";
				SWIFT_VERSION = 5.0;
				TARGETED_DEVICE_FAMILY = "1,2";
				TEST_TARGET_NAME = DidTodayUIKit;
			};
			name = Release;
		};
/* End XCBuildConfiguration section */

/* Begin XCConfigurationList section */
		504CE039253FDFA9000CC6CF /* Build configuration list for PBXProject "DidTodayUIKit" */ = {
			isa = XCConfigurationList;
			buildConfigurations = (
				504CE066253FDFAE000CC6CF /* Debug */,
				504CE067253FDFAE000CC6CF /* Release */,
			);
			defaultConfigurationIsVisible = 0;
			defaultConfigurationName = Release;
		};
		504CE068253FDFAE000CC6CF /* Build configuration list for PBXNativeTarget "DidTodayUIKit" */ = {
			isa = XCConfigurationList;
			buildConfigurations = (
				504CE069253FDFAE000CC6CF /* Debug */,
				504CE06A253FDFAE000CC6CF /* Release */,
			);
			defaultConfigurationIsVisible = 0;
			defaultConfigurationName = Release;
		};
		504CE06B253FDFAE000CC6CF /* Build configuration list for PBXNativeTarget "DidTodayUIKitTests" */ = {
			isa = XCConfigurationList;
			buildConfigurations = (
				504CE06C253FDFAE000CC6CF /* Debug */,
				504CE06D253FDFAE000CC6CF /* Release */,
			);
			defaultConfigurationIsVisible = 0;
			defaultConfigurationName = Release;
		};
		504CE06E253FDFAE000CC6CF /* Build configuration list for PBXNativeTarget "DidTodayUIKitUITests" */ = {
			isa = XCConfigurationList;
			buildConfigurations = (
				504CE06F253FDFAE000CC6CF /* Debug */,
				504CE070253FDFAE000CC6CF /* Release */,
			);
			defaultConfigurationIsVisible = 0;
			defaultConfigurationName = Release;
		};
/* End XCConfigurationList section */
	};
	rootObject = 504CE036253FDFA9000CC6CF /* Project object */;
}
