{
  "pins" : [
    {
      "identity" : "horizoncalendar",
      "kind" : "remoteSourceControl",
      "location" : "https://github.com/airbnb/HorizonCalendar",
      "state" : {
        "branch" : "master",
        "revision" : "406d93637bd99c8606163bd69a9c81e52def6420"
      }
    }
  ],
  "version" : 2
}
